// !$*UTF8*$!
{
	archiveVersion = 1;
	classes = {
	};
	objectVersion = 50;
	objects = {

/* Begin PBXBuildFile section */
		23A2A33123D5B5840060E76D /* AppDelegate.swift in Sources */ = {isa = PBXBuildFile; fileRef = 23A2A33023D5B5840060E76D /* AppDelegate.swift */; };
		23A2A33323D5B5840060E76D /* SceneDelegate.swift in Sources */ = {isa = PBXBuildFile; fileRef = 23A2A33223D5B5840060E76D /* SceneDelegate.swift */; };
		23A2A33823D5B5840060E76D /* Main.storyboard in Resources */ = {isa = PBXBuildFile; fileRef = 23A2A33623D5B5840060E76D /* Main.storyboard */; };
		23A2A33A23D5B5850060E76D /* Assets.xcassets in Resources */ = {isa = PBXBuildFile; fileRef = 23A2A33923D5B5850060E76D /* Assets.xcassets */; };
		23A2A33D23D5B5850060E76D /* LaunchScreen.storyboard in Resources */ = {isa = PBXBuildFile; fileRef = 23A2A33B23D5B5850060E76D /* LaunchScreen.storyboard */; };
		23A2A35623D5C8D90060E76D /* Alamofire.framework in Frameworks */ = {isa = PBXBuildFile; fileRef = 23A2A35323D5C8D90060E76D /* Alamofire.framework */; };
		23A2A35723D5C8D90060E76D /* Alamofire.framework in Embed Frameworks */ = {isa = PBXBuildFile; fileRef = 23A2A35323D5C8D90060E76D /* Alamofire.framework */; settings = {ATTRIBUTES = (CodeSignOnCopy, RemoveHeadersOnCopy, ); }; };
		23A2A35823D5C8D90060E76D /* SwiftyVK.framework in Frameworks */ = {isa = PBXBuildFile; fileRef = 23A2A35423D5C8D90060E76D /* SwiftyVK.framework */; };
		23A2A35923D5C8D90060E76D /* SwiftyVK.framework in Embed Frameworks */ = {isa = PBXBuildFile; fileRef = 23A2A35423D5C8D90060E76D /* SwiftyVK.framework */; settings = {ATTRIBUTES = (CodeSignOnCopy, RemoveHeadersOnCopy, ); }; };
		23A2A35A23D5C8D90060E76D /* SwiftyJSON.framework in Frameworks */ = {isa = PBXBuildFile; fileRef = 23A2A35523D5C8D90060E76D /* SwiftyJSON.framework */; };
		23A2A35B23D5C8D90060E76D /* SwiftyJSON.framework in Embed Frameworks */ = {isa = PBXBuildFile; fileRef = 23A2A35523D5C8D90060E76D /* SwiftyJSON.framework */; settings = {ATTRIBUTES = (CodeSignOnCopy, RemoveHeadersOnCopy, ); }; };
		23A2A36323D5DA930060E76D /* VKDelegate.swift in Sources */ = {isa = PBXBuildFile; fileRef = 23A2A36223D5DA930060E76D /* VKDelegate.swift */; };
		23A2A36523D5DB270060E76D /* VKConstants.swift in Sources */ = {isa = PBXBuildFile; fileRef = 23A2A36423D5DB270060E76D /* VKConstants.swift */; };
		23A2A36823D5E07F0060E76D /* ApiV1.swift in Sources */ = {isa = PBXBuildFile; fileRef = 23A2A36723D5E07F0060E76D /* ApiV1.swift */; };
		23A2A36C23D5E2500060E76D /* ViewController.swift in Sources */ = {isa = PBXBuildFile; fileRef = 23A2A36B23D5E2500060E76D /* ViewController.swift */; };
		23A2A36F23D5EFB30060E76D /* UIToaster.swift in Sources */ = {isa = PBXBuildFile; fileRef = 23A2A36E23D5EFB30060E76D /* UIToaster.swift */; };
		23A2A37123D5F5F80060E76D /* Colors.swift in Sources */ = {isa = PBXBuildFile; fileRef = 23A2A37023D5F5F80060E76D /* Colors.swift */; };
		23A2A37423D5FA1A0060E76D /* StringExtension.swift in Sources */ = {isa = PBXBuildFile; fileRef = 23A2A37323D5FA1A0060E76D /* StringExtension.swift */; };
		23A2A39B23D604810060E76D /* Lato-Black.ttf in Resources */ = {isa = PBXBuildFile; fileRef = 23A2A38423D5FF640060E76D /* Lato-Black.ttf */; };
		23A2A39C23D604810060E76D /* Lato-BlackItalic.ttf in Resources */ = {isa = PBXBuildFile; fileRef = 23A2A37823D5FF640060E76D /* Lato-BlackItalic.ttf */; };
		23A2A39D23D604810060E76D /* Lato-Bold.ttf in Resources */ = {isa = PBXBuildFile; fileRef = 23A2A38723D5FF640060E76D /* Lato-Bold.ttf */; };
		23A2A39E23D604810060E76D /* Lato-BoldItalic.ttf in Resources */ = {isa = PBXBuildFile; fileRef = 23A2A37723D5FF640060E76D /* Lato-BoldItalic.ttf */; };
		23A2A39F23D604810060E76D /* Lato-Hairline.ttf in Resources */ = {isa = PBXBuildFile; fileRef = 23A2A37E23D5FF640060E76D /* Lato-Hairline.ttf */; };
		23A2A3A023D604810060E76D /* Lato-HairlineItalic.ttf in Resources */ = {isa = PBXBuildFile; fileRef = 23A2A37923D5FF640060E76D /* Lato-HairlineItalic.ttf */; };
		23A2A3A123D604820060E76D /* Lato-Heavy.ttf in Resources */ = {isa = PBXBuildFile; fileRef = 23A2A37C23D5FF640060E76D /* Lato-Heavy.ttf */; };
		23A2A3A223D604820060E76D /* Lato-HeavyItalic.ttf in Resources */ = {isa = PBXBuildFile; fileRef = 23A2A37B23D5FF640060E76D /* Lato-HeavyItalic.ttf */; };
		23A2A3A323D604820060E76D /* Lato-Italic.ttf in Resources */ = {isa = PBXBuildFile; fileRef = 23A2A38823D5FF640060E76D /* Lato-Italic.ttf */; };
		23A2A3A423D604820060E76D /* Lato-Light.ttf in Resources */ = {isa = PBXBuildFile; fileRef = 23A2A38523D5FF640060E76D /* Lato-Light.ttf */; };
		23A2A3A523D604820060E76D /* Lato-LightItalic.ttf in Resources */ = {isa = PBXBuildFile; fileRef = 23A2A38123D5FF640060E76D /* Lato-LightItalic.ttf */; };
		23A2A3A623D604820060E76D /* Lato-Medium.ttf in Resources */ = {isa = PBXBuildFile; fileRef = 23A2A37D23D5FF640060E76D /* Lato-Medium.ttf */; };
		23A2A3A723D604820060E76D /* Lato-MediumItalic.ttf in Resources */ = {isa = PBXBuildFile; fileRef = 23A2A38023D5FF640060E76D /* Lato-MediumItalic.ttf */; };
		23A2A3A823D604820060E76D /* Lato-Regular.ttf in Resources */ = {isa = PBXBuildFile; fileRef = 23A2A38623D5FF640060E76D /* Lato-Regular.ttf */; };
		23A2A3A923D604820060E76D /* Lato-Semibold.ttf in Resources */ = {isa = PBXBuildFile; fileRef = 23A2A37F23D5FF640060E76D /* Lato-Semibold.ttf */; };
		23A2A3AA23D604820060E76D /* Lato-SemiboldItalic.ttf in Resources */ = {isa = PBXBuildFile; fileRef = 23A2A38223D5FF640060E76D /* Lato-SemiboldItalic.ttf */; };
		23A2A3AB23D604820060E76D /* Lato-Thin.ttf in Resources */ = {isa = PBXBuildFile; fileRef = 23A2A38323D5FF640060E76D /* Lato-Thin.ttf */; };
		23A2A3AC23D604820060E76D /* Lato-ThinItalic.ttf in Resources */ = {isa = PBXBuildFile; fileRef = 23A2A37A23D5FF640060E76D /* Lato-ThinItalic.ttf */; };
		23A2A3AE23D607270060E76D /* NotificationName.swift in Sources */ = {isa = PBXBuildFile; fileRef = 23A2A3AD23D607270060E76D /* NotificationName.swift */; };
		23A2A3B023D614D90060E76D /* ReachabilityDetect.swift in Sources */ = {isa = PBXBuildFile; fileRef = 23A2A3AF23D614D90060E76D /* ReachabilityDetect.swift */; };
		23A2A3B223D61D620060E76D /* BottomPopupController in Resources */ = {isa = PBXBuildFile; fileRef = 23A2A3B123D61D620060E76D /* BottomPopupController */; };
		23A2A3B423D61DCE0060E76D /* LogoutPopup.swift in Sources */ = {isa = PBXBuildFile; fileRef = 23A2A3B323D61DCE0060E76D /* LogoutPopup.swift */; };
/* End PBXBuildFile section */

/* Begin PBXCopyFilesBuildPhase section */
		23A2A35C23D5C8D90060E76D /* Embed Frameworks */ = {
			isa = PBXCopyFilesBuildPhase;
			buildActionMask = 2147483647;
			dstPath = "";
			dstSubfolderSpec = 10;
			files = (
				23A2A35723D5C8D90060E76D /* Alamofire.framework in Embed Frameworks */,
				23A2A35923D5C8D90060E76D /* SwiftyVK.framework in Embed Frameworks */,
				23A2A35B23D5C8D90060E76D /* SwiftyJSON.framework in Embed Frameworks */,
			);
			name = "Embed Frameworks";
			runOnlyForDeploymentPostprocessing = 0;
		};
/* End PBXCopyFilesBuildPhase section */

/* Begin PBXFileReference section */
		23A2A32D23D5B5830060E76D /* VK Tosters.app */ = {isa = PBXFileReference; explicitFileType = wrapper.application; includeInIndex = 0; path = "VK Tosters.app"; sourceTree = BUILT_PRODUCTS_DIR; };
		23A2A33023D5B5840060E76D /* AppDelegate.swift */ = {isa = PBXFileReference; lastKnownFileType = sourcecode.swift; path = AppDelegate.swift; sourceTree = "<group>"; };
		23A2A33223D5B5840060E76D /* SceneDelegate.swift */ = {isa = PBXFileReference; lastKnownFileType = sourcecode.swift; path = SceneDelegate.swift; sourceTree = "<group>"; };
		23A2A33723D5B5840060E76D /* Base */ = {isa = PBXFileReference; lastKnownFileType = file.storyboard; name = Base; path = Base.lproj/Main.storyboard; sourceTree = "<group>"; };
		23A2A33923D5B5850060E76D /* Assets.xcassets */ = {isa = PBXFileReference; lastKnownFileType = folder.assetcatalog; path = Assets.xcassets; sourceTree = "<group>"; };
		23A2A33C23D5B5850060E76D /* Base */ = {isa = PBXFileReference; lastKnownFileType = file.storyboard; name = Base; path = Base.lproj/LaunchScreen.storyboard; sourceTree = "<group>"; };
		23A2A33E23D5B5850060E76D /* Info.plist */ = {isa = PBXFileReference; lastKnownFileType = text.plist.xml; path = Info.plist; sourceTree = "<group>"; };
		23A2A35323D5C8D90060E76D /* Alamofire.framework */ = {isa = PBXFileReference; lastKnownFileType = wrapper.framework; name = Alamofire.framework; path = Carthage/Build/iOS/Alamofire.framework; sourceTree = "<group>"; };
		23A2A35423D5C8D90060E76D /* SwiftyVK.framework */ = {isa = PBXFileReference; lastKnownFileType = wrapper.framework; name = SwiftyVK.framework; path = Carthage/Build/iOS/SwiftyVK.framework; sourceTree = "<group>"; };
		23A2A35523D5C8D90060E76D /* SwiftyJSON.framework */ = {isa = PBXFileReference; lastKnownFileType = wrapper.framework; name = SwiftyJSON.framework; path = Carthage/Build/iOS/SwiftyJSON.framework; sourceTree = "<group>"; };
		23A2A36223D5DA930060E76D /* VKDelegate.swift */ = {isa = PBXFileReference; lastKnownFileType = sourcecode.swift; path = VKDelegate.swift; sourceTree = "<group>"; };
		23A2A36423D5DB270060E76D /* VKConstants.swift */ = {isa = PBXFileReference; lastKnownFileType = sourcecode.swift; path = VKConstants.swift; sourceTree = "<group>"; };
		23A2A36723D5E07F0060E76D /* ApiV1.swift */ = {isa = PBXFileReference; lastKnownFileType = sourcecode.swift; path = ApiV1.swift; sourceTree = "<group>"; };
		23A2A36B23D5E2500060E76D /* ViewController.swift */ = {isa = PBXFileReference; fileEncoding = 4; lastKnownFileType = sourcecode.swift; path = ViewController.swift; sourceTree = "<group>"; };
		23A2A36E23D5EFB30060E76D /* UIToaster.swift */ = {isa = PBXFileReference; lastKnownFileType = sourcecode.swift; path = UIToaster.swift; sourceTree = "<group>"; };
		23A2A37023D5F5F80060E76D /* Colors.swift */ = {isa = PBXFileReference; lastKnownFileType = sourcecode.swift; path = Colors.swift; sourceTree = "<group>"; };
		23A2A37323D5FA1A0060E76D /* StringExtension.swift */ = {isa = PBXFileReference; lastKnownFileType = sourcecode.swift; path = StringExtension.swift; sourceTree = "<group>"; };
		23A2A37723D5FF640060E76D /* Lato-BoldItalic.ttf */ = {isa = PBXFileReference; lastKnownFileType = file; path = "Lato-BoldItalic.ttf"; sourceTree = "<group>"; };
		23A2A37823D5FF640060E76D /* Lato-BlackItalic.ttf */ = {isa = PBXFileReference; lastKnownFileType = file; path = "Lato-BlackItalic.ttf"; sourceTree = "<group>"; };
		23A2A37923D5FF640060E76D /* Lato-HairlineItalic.ttf */ = {isa = PBXFileReference; lastKnownFileType = file; path = "Lato-HairlineItalic.ttf"; sourceTree = "<group>"; };
		23A2A37A23D5FF640060E76D /* Lato-ThinItalic.ttf */ = {isa = PBXFileReference; lastKnownFileType = file; path = "Lato-ThinItalic.ttf"; sourceTree = "<group>"; };
		23A2A37B23D5FF640060E76D /* Lato-HeavyItalic.ttf */ = {isa = PBXFileReference; lastKnownFileType = file; path = "Lato-HeavyItalic.ttf"; sourceTree = "<group>"; };
		23A2A37C23D5FF640060E76D /* Lato-Heavy.ttf */ = {isa = PBXFileReference; lastKnownFileType = file; path = "Lato-Heavy.ttf"; sourceTree = "<group>"; };
		23A2A37D23D5FF640060E76D /* Lato-Medium.ttf */ = {isa = PBXFileReference; lastKnownFileType = file; path = "Lato-Medium.ttf"; sourceTree = "<group>"; };
		23A2A37E23D5FF640060E76D /* Lato-Hairline.ttf */ = {isa = PBXFileReference; lastKnownFileType = file; path = "Lato-Hairline.ttf"; sourceTree = "<group>"; };
		23A2A37F23D5FF640060E76D /* Lato-Semibold.ttf */ = {isa = PBXFileReference; lastKnownFileType = file; path = "Lato-Semibold.ttf"; sourceTree = "<group>"; };
		23A2A38023D5FF640060E76D /* Lato-MediumItalic.ttf */ = {isa = PBXFileReference; lastKnownFileType = file; path = "Lato-MediumItalic.ttf"; sourceTree = "<group>"; };
		23A2A38123D5FF640060E76D /* Lato-LightItalic.ttf */ = {isa = PBXFileReference; lastKnownFileType = file; path = "Lato-LightItalic.ttf"; sourceTree = "<group>"; };
		23A2A38223D5FF640060E76D /* Lato-SemiboldItalic.ttf */ = {isa = PBXFileReference; lastKnownFileType = file; path = "Lato-SemiboldItalic.ttf"; sourceTree = "<group>"; };
		23A2A38323D5FF640060E76D /* Lato-Thin.ttf */ = {isa = PBXFileReference; lastKnownFileType = file; path = "Lato-Thin.ttf"; sourceTree = "<group>"; };
		23A2A38423D5FF640060E76D /* Lato-Black.ttf */ = {isa = PBXFileReference; lastKnownFileType = file; path = "Lato-Black.ttf"; sourceTree = "<group>"; };
		23A2A38523D5FF640060E76D /* Lato-Light.ttf */ = {isa = PBXFileReference; lastKnownFileType = file; path = "Lato-Light.ttf"; sourceTree = "<group>"; };
		23A2A38623D5FF640060E76D /* Lato-Regular.ttf */ = {isa = PBXFileReference; lastKnownFileType = file; path = "Lato-Regular.ttf"; sourceTree = "<group>"; };
		23A2A38723D5FF640060E76D /* Lato-Bold.ttf */ = {isa = PBXFileReference; lastKnownFileType = file; path = "Lato-Bold.ttf"; sourceTree = "<group>"; };
		23A2A38823D5FF640060E76D /* Lato-Italic.ttf */ = {isa = PBXFileReference; lastKnownFileType = file; path = "Lato-Italic.ttf"; sourceTree = "<group>"; };
		23A2A3AD23D607270060E76D /* NotificationName.swift */ = {isa = PBXFileReference; lastKnownFileType = sourcecode.swift; path = NotificationName.swift; sourceTree = "<group>"; };
		23A2A3AF23D614D90060E76D /* ReachabilityDetect.swift */ = {isa = PBXFileReference; lastKnownFileType = sourcecode.swift; path = ReachabilityDetect.swift; sourceTree = "<group>"; };
		23A2A3B123D61D620060E76D /* BottomPopupController */ = {isa = PBXFileReference; lastKnownFileType = folder; path = BottomPopupController; sourceTree = "<group>"; };
		23A2A3B323D61DCE0060E76D /* LogoutPopup.swift */ = {isa = PBXFileReference; lastKnownFileType = sourcecode.swift; path = LogoutPopup.swift; sourceTree = "<group>"; };
/* End PBXFileReference section */

/* Begin PBXFrameworksBuildPhase section */
		23A2A32A23D5B5830060E76D /* Frameworks */ = {
			isa = PBXFrameworksBuildPhase;
			buildActionMask = 2147483647;
			files = (
				23A2A35623D5C8D90060E76D /* Alamofire.framework in Frameworks */,
				23A2A35823D5C8D90060E76D /* SwiftyVK.framework in Frameworks */,
				23A2A35A23D5C8D90060E76D /* SwiftyJSON.framework in Frameworks */,
			);
			runOnlyForDeploymentPostprocessing = 0;
		};
/* End PBXFrameworksBuildPhase section */

/* Begin PBXGroup section */
		23A2A32423D5B5830060E76D = {
			isa = PBXGroup;
			children = (
				23A2A32F23D5B5840060E76D /* VK Tosters */,
				23A2A32E23D5B5830060E76D /* Products */,
				23A2A35223D5C8D90060E76D /* Frameworks */,
			);
			sourceTree = "<group>";
		};
		23A2A32E23D5B5830060E76D /* Products */ = {
			isa = PBXGroup;
			children = (
				23A2A32D23D5B5830060E76D /* VK Tosters.app */,
			);
			name = Products;
			sourceTree = "<group>";
		};
		23A2A32F23D5B5840060E76D /* VK Tosters */ = {
			isa = PBXGroup;
			children = (
				23A2A36623D5E0700060E76D /* Api */,
				23A2A36123D5D0120060E76D /* Constants */,
				23A2A35E23D5CFF80060E76D /* Delegates */,
				23A2A36D23D5EE610060E76D /* Helpers */,
				23A2A35F23D5D0050060E76D /* Storyboards */,
				23A2A37523D5FF460060E76D /* UIElements */,
				23A2A35D23D5CFF10060E76D /* ViewControllers */,
				23A2A36023D5D00C0060E76D /* Xibs */,
				23A2A33923D5B5850060E76D /* Assets.xcassets */,
				23A2A33E23D5B5850060E76D /* Info.plist */,
			);
			path = "VK Tosters";
			sourceTree = "<group>";
		};
		23A2A35223D5C8D90060E76D /* Frameworks */ = {
			isa = PBXGroup;
			children = (
				23A2A35323D5C8D90060E76D /* Alamofire.framework */,
				23A2A35523D5C8D90060E76D /* SwiftyJSON.framework */,
				23A2A35423D5C8D90060E76D /* SwiftyVK.framework */,
			);
			name = Frameworks;
			sourceTree = "<group>";
		};
		23A2A35D23D5CFF10060E76D /* ViewControllers */ = {
			isa = PBXGroup;
			children = (
				23A2A3B123D61D620060E76D /* BottomPopupController */,
				23A2A36B23D5E2500060E76D /* ViewController.swift */,
				23A2A3B323D61DCE0060E76D /* LogoutPopup.swift */,
			);
			path = ViewControllers;
			sourceTree = "<group>";
		};
		23A2A35E23D5CFF80060E76D /* Delegates */ = {
			isa = PBXGroup;
			children = (
				23A2A33023D5B5840060E76D /* AppDelegate.swift */,
				23A2A33223D5B5840060E76D /* SceneDelegate.swift */,
				23A2A36223D5DA930060E76D /* VKDelegate.swift */,
			);
			path = Delegates;
			sourceTree = "<group>";
		};
		23A2A35F23D5D0050060E76D /* Storyboards */ = {
			isa = PBXGroup;
			children = (
				23A2A33623D5B5840060E76D /* Main.storyboard */,
				23A2A33B23D5B5850060E76D /* LaunchScreen.storyboard */,
			);
			path = Storyboards;
			sourceTree = "<group>";
		};
		23A2A36023D5D00C0060E76D /* Xibs */ = {
			isa = PBXGroup;
			children = (
			);
			path = Xibs;
			sourceTree = "<group>";
		};
		23A2A36123D5D0120060E76D /* Constants */ = {
			isa = PBXGroup;
			children = (
				23A2A36423D5DB270060E76D /* VKConstants.swift */,
			);
			path = Constants;
			sourceTree = "<group>";
		};
		23A2A36623D5E0700060E76D /* Api */ = {
			isa = PBXGroup;
			children = (
				23A2A36723D5E07F0060E76D /* ApiV1.swift */,
			);
			path = Api;
			sourceTree = "<group>";
		};
		23A2A36D23D5EE610060E76D /* Helpers */ = {
			isa = PBXGroup;
			children = (
				23A2A37223D5FA070060E76D /* Extensions */,
				23A2A36E23D5EFB30060E76D /* UIToaster.swift */,
				23A2A37023D5F5F80060E76D /* Colors.swift */,
				23A2A3AD23D607270060E76D /* NotificationName.swift */,
				23A2A3AF23D614D90060E76D /* ReachabilityDetect.swift */,
			);
			path = Helpers;
			sourceTree = "<group>";
		};
		23A2A37223D5FA070060E76D /* Extensions */ = {
			isa = PBXGroup;
			children = (
				23A2A37323D5FA1A0060E76D /* StringExtension.swift */,
			);
			path = Extensions;
			sourceTree = "<group>";
		};
		23A2A37523D5FF460060E76D /* UIElements */ = {
			isa = PBXGroup;
			children = (
				23A2A37623D5FF530060E76D /* Fonts */,
			);
			path = UIElements;
			sourceTree = "<group>";
		};
		23A2A37623D5FF530060E76D /* Fonts */ = {
			isa = PBXGroup;
			children = (
				23A2A38423D5FF640060E76D /* Lato-Black.ttf */,
				23A2A37823D5FF640060E76D /* Lato-BlackItalic.ttf */,
				23A2A38723D5FF640060E76D /* Lato-Bold.ttf */,
				23A2A37723D5FF640060E76D /* Lato-BoldItalic.ttf */,
				23A2A37E23D5FF640060E76D /* Lato-Hairline.ttf */,
				23A2A37923D5FF640060E76D /* Lato-HairlineItalic.ttf */,
				23A2A37C23D5FF640060E76D /* Lato-Heavy.ttf */,
				23A2A37B23D5FF640060E76D /* Lato-HeavyItalic.ttf */,
				23A2A38823D5FF640060E76D /* Lato-Italic.ttf */,
				23A2A38523D5FF640060E76D /* Lato-Light.ttf */,
				23A2A38123D5FF640060E76D /* Lato-LightItalic.ttf */,
				23A2A37D23D5FF640060E76D /* Lato-Medium.ttf */,
				23A2A38023D5FF640060E76D /* Lato-MediumItalic.ttf */,
				23A2A38623D5FF640060E76D /* Lato-Regular.ttf */,
				23A2A37F23D5FF640060E76D /* Lato-Semibold.ttf */,
				23A2A38223D5FF640060E76D /* Lato-SemiboldItalic.ttf */,
				23A2A38323D5FF640060E76D /* Lato-Thin.ttf */,
				23A2A37A23D5FF640060E76D /* Lato-ThinItalic.ttf */,
			);
			path = Fonts;
			sourceTree = "<group>";
		};
/* End PBXGroup section */

/* Begin PBXNativeTarget section */
		23A2A32C23D5B5830060E76D /* VK Tosters */ = {
			isa = PBXNativeTarget;
			buildConfigurationList = 23A2A34123D5B5850060E76D /* Build configuration list for PBXNativeTarget "VK Tosters" */;
			buildPhases = (
				23A2A32923D5B5830060E76D /* Sources */,
				23A2A32A23D5B5830060E76D /* Frameworks */,
				23A2A32B23D5B5830060E76D /* Resources */,
				23A2A35C23D5C8D90060E76D /* Embed Frameworks */,
			);
			buildRules = (
			);
			dependencies = (
			);
			name = "VK Tosters";
			productName = "VK Tosters";
			productReference = 23A2A32D23D5B5830060E76D /* VK Tosters.app */;
			productType = "com.apple.product-type.application";
		};
/* End PBXNativeTarget section */

/* Begin PBXProject section */
		23A2A32523D5B5830060E76D /* Project object */ = {
			isa = PBXProject;
			attributes = {
				LastSwiftUpdateCheck = 1130;
				LastUpgradeCheck = 1130;
				ORGANIZATIONNAME = programmist_np;
				TargetAttributes = {
					23A2A32C23D5B5830060E76D = {
						CreatedOnToolsVersion = 11.3.1;
					};
				};
			};
			buildConfigurationList = 23A2A32823D5B5830060E76D /* Build configuration list for PBXProject "VK Tosters" */;
			compatibilityVersion = "Xcode 9.3";
			developmentRegion = en;
			hasScannedForEncodings = 0;
			knownRegions = (
				en,
				Base,
			);
			mainGroup = 23A2A32423D5B5830060E76D;
			productRefGroup = 23A2A32E23D5B5830060E76D /* Products */;
			projectDirPath = "";
			projectRoot = "";
			targets = (
				23A2A32C23D5B5830060E76D /* VK Tosters */,
			);
		};
/* End PBXProject section */

/* Begin PBXResourcesBuildPhase section */
		23A2A32B23D5B5830060E76D /* Resources */ = {
			isa = PBXResourcesBuildPhase;
			buildActionMask = 2147483647;
			files = (
				23A2A3A123D604820060E76D /* Lato-Heavy.ttf in Resources */,
				23A2A3AC23D604820060E76D /* Lato-ThinItalic.ttf in Resources */,
				23A2A3A423D604820060E76D /* Lato-Light.ttf in Resources */,
				23A2A39B23D604810060E76D /* Lato-Black.ttf in Resources */,
				23A2A39D23D604810060E76D /* Lato-Bold.ttf in Resources */,
				23A2A33D23D5B5850060E76D /* LaunchScreen.storyboard in Resources */,
				23A2A3A723D604820060E76D /* Lato-MediumItalic.ttf in Resources */,
				23A2A3AA23D604820060E76D /* Lato-SemiboldItalic.ttf in Resources */,
				23A2A39C23D604810060E76D /* Lato-BlackItalic.ttf in Resources */,
				23A2A3A223D604820060E76D /* Lato-HeavyItalic.ttf in Resources */,
				23A2A33A23D5B5850060E76D /* Assets.xcassets in Resources */,
				23A2A3A023D604810060E76D /* Lato-HairlineItalic.ttf in Resources */,
				23A2A39E23D604810060E76D /* Lato-BoldItalic.ttf in Resources */,
				23A2A3A923D604820060E76D /* Lato-Semibold.ttf in Resources */,
				23A2A3A623D604820060E76D /* Lato-Medium.ttf in Resources */,
				23A2A39F23D604810060E76D /* Lato-Hairline.ttf in Resources */,
				23A2A3A323D604820060E76D /* Lato-Italic.ttf in Resources */,
				23A2A33823D5B5840060E76D /* Main.storyboard in Resources */,
				23A2A3AB23D604820060E76D /* Lato-Thin.ttf in Resources */,
				23A2A3A523D604820060E76D /* Lato-LightItalic.ttf in Resources */,
				23A2A3B223D61D620060E76D /* BottomPopupController in Resources */,
				23A2A3A823D604820060E76D /* Lato-Regular.ttf in Resources */,
			);
			runOnlyForDeploymentPostprocessing = 0;
		};
/* End PBXResourcesBuildPhase section */

/* Begin PBXSourcesBuildPhase section */
		23A2A32923D5B5830060E76D /* Sources */ = {
			isa = PBXSourcesBuildPhase;
			buildActionMask = 2147483647;
			files = (
				23A2A33123D5B5840060E76D /* AppDelegate.swift in Sources */,
				23A2A37123D5F5F80060E76D /* Colors.swift in Sources */,
				23A2A3B423D61DCE0060E76D /* LogoutPopup.swift in Sources */,
				23A2A33323D5B5840060E76D /* SceneDelegate.swift in Sources */,
				23A2A3AE23D607270060E76D /* NotificationName.swift in Sources */,
				23A2A36F23D5EFB30060E76D /* UIToaster.swift in Sources */,
				23A2A36523D5DB270060E76D /* VKConstants.swift in Sources */,
				23A2A37423D5FA1A0060E76D /* StringExtension.swift in Sources */,
				23A2A36C23D5E2500060E76D /* ViewController.swift in Sources */,
				23A2A36323D5DA930060E76D /* VKDelegate.swift in Sources */,
				23A2A36823D5E07F0060E76D /* ApiV1.swift in Sources */,
				23A2A3B023D614D90060E76D /* ReachabilityDetect.swift in Sources */,
			);
			runOnlyForDeploymentPostprocessing = 0;
		};
/* End PBXSourcesBuildPhase section */

/* Begin PBXVariantGroup section */
		23A2A33623D5B5840060E76D /* Main.storyboard */ = {
			isa = PBXVariantGroup;
			children = (
				23A2A33723D5B5840060E76D /* Base */,
			);
			name = Main.storyboard;
			sourceTree = "<group>";
		};
		23A2A33B23D5B5850060E76D /* LaunchScreen.storyboard */ = {
			isa = PBXVariantGroup;
			children = (
				23A2A33C23D5B5850060E76D /* Base */,
			);
			name = LaunchScreen.storyboard;
			sourceTree = "<group>";
		};
/* End PBXVariantGroup section */

/* Begin XCBuildConfiguration section */
		23A2A33F23D5B5850060E76D /* Debug */ = {
			isa = XCBuildConfiguration;
			buildSettings = {
				ALWAYS_SEARCH_USER_PATHS = NO;
				CLANG_ANALYZER_NONNULL = YES;
				CLANG_ANALYZER_NUMBER_OBJECT_CONVERSION = YES_AGGRESSIVE;
				CLANG_CXX_LANGUAGE_STANDARD = "gnu++14";
				CLANG_CXX_LIBRARY = "libc++";
				CLANG_ENABLE_MODULES = YES;
				CLANG_ENABLE_OBJC_ARC = YES;
				CLANG_ENABLE_OBJC_WEAK = YES;
				CLANG_WARN_BLOCK_CAPTURE_AUTORELEASING = YES;
				CLANG_WARN_BOOL_CONVERSION = YES;
				CLANG_WARN_COMMA = YES;
				CLANG_WARN_CONSTANT_CONVERSION = YES;
				CLANG_WARN_DEPRECATED_OBJC_IMPLEMENTATIONS = YES;
				CLANG_WARN_DIRECT_OBJC_ISA_USAGE = YES_ERROR;
				CLANG_WARN_DOCUMENTATION_COMMENTS = YES;
				CLANG_WARN_EMPTY_BODY = YES;
				CLANG_WARN_ENUM_CONVERSION = YES;
				CLANG_WARN_INFINITE_RECURSION = YES;
				CLANG_WARN_INT_CONVERSION = YES;
				CLANG_WARN_NON_LITERAL_NULL_CONVERSION = YES;
				CLANG_WARN_OBJC_IMPLICIT_RETAIN_SELF = YES;
				CLANG_WARN_OBJC_LITERAL_CONVERSION = YES;
				CLANG_WARN_OBJC_ROOT_CLASS = YES_ERROR;
				CLANG_WARN_RANGE_LOOP_ANALYSIS = YES;
				CLANG_WARN_STRICT_PROTOTYPES = YES;
				CLANG_WARN_SUSPICIOUS_MOVE = YES;
				CLANG_WARN_UNGUARDED_AVAILABILITY = YES_AGGRESSIVE;
				CLANG_WARN_UNREACHABLE_CODE = YES;
				CLANG_WARN__DUPLICATE_METHOD_MATCH = YES;
				COPY_PHASE_STRIP = NO;
				DEBUG_INFORMATION_FORMAT = dwarf;
				ENABLE_STRICT_OBJC_MSGSEND = YES;
				ENABLE_TESTABILITY = YES;
				GCC_C_LANGUAGE_STANDARD = gnu11;
				GCC_DYNAMIC_NO_PIC = NO;
				GCC_NO_COMMON_BLOCKS = YES;
				GCC_OPTIMIZATION_LEVEL = 0;
				GCC_PREPROCESSOR_DEFINITIONS = (
					"DEBUG=1",
					"$(inherited)",
				);
				GCC_WARN_64_TO_32_BIT_CONVERSION = YES;
				GCC_WARN_ABOUT_RETURN_TYPE = YES_ERROR;
				GCC_WARN_UNDECLARED_SELECTOR = YES;
				GCC_WARN_UNINITIALIZED_AUTOS = YES_AGGRESSIVE;
				GCC_WARN_UNUSED_FUNCTION = YES;
				GCC_WARN_UNUSED_VARIABLE = YES;
				IPHONEOS_DEPLOYMENT_TARGET = 13.2;
				MTL_ENABLE_DEBUG_INFO = INCLUDE_SOURCE;
				MTL_FAST_MATH = YES;
				ONLY_ACTIVE_ARCH = YES;
				SDKROOT = iphoneos;
				SWIFT_ACTIVE_COMPILATION_CONDITIONS = DEBUG;
				SWIFT_OPTIMIZATION_LEVEL = "-Onone";
			};
			name = Debug;
		};
		23A2A34023D5B5850060E76D /* Release */ = {
			isa = XCBuildConfiguration;
			buildSettings = {
				ALWAYS_SEARCH_USER_PATHS = NO;
				CLANG_ANALYZER_NONNULL = YES;
				CLANG_ANALYZER_NUMBER_OBJECT_CONVERSION = YES_AGGRESSIVE;
				CLANG_CXX_LANGUAGE_STANDARD = "gnu++14";
				CLANG_CXX_LIBRARY = "libc++";
				CLANG_ENABLE_MODULES = YES;
				CLANG_ENABLE_OBJC_ARC = YES;
				CLANG_ENABLE_OBJC_WEAK = YES;
				CLANG_WARN_BLOCK_CAPTURE_AUTORELEASING = YES;
				CLANG_WARN_BOOL_CONVERSION = YES;
				CLANG_WARN_COMMA = YES;
				CLANG_WARN_CONSTANT_CONVERSION = YES;
				CLANG_WARN_DEPRECATED_OBJC_IMPLEMENTATIONS = YES;
				CLANG_WARN_DIRECT_OBJC_ISA_USAGE = YES_ERROR;
				CLANG_WARN_DOCUMENTATION_COMMENTS = YES;
				CLANG_WARN_EMPTY_BODY = YES;
				CLANG_WARN_ENUM_CONVERSION = YES;
				CLANG_WARN_INFINITE_RECURSION = YES;
				CLANG_WARN_INT_CONVERSION = YES;
				CLANG_WARN_NON_LITERAL_NULL_CONVERSION = YES;
				CLANG_WARN_OBJC_IMPLICIT_RETAIN_SELF = YES;
				CLANG_WARN_OBJC_LITERAL_CONVERSION = YES;
				CLANG_WARN_OBJC_ROOT_CLASS = YES_ERROR;
				CLANG_WARN_RANGE_LOOP_ANALYSIS = YES;
				CLANG_WARN_STRICT_PROTOTYPES = YES;
				CLANG_WARN_SUSPICIOUS_MOVE = YES;
				CLANG_WARN_UNGUARDED_AVAILABILITY = YES_AGGRESSIVE;
				CLANG_WARN_UNREACHABLE_CODE = YES;
				CLANG_WARN__DUPLICATE_METHOD_MATCH = YES;
				COPY_PHASE_STRIP = NO;
				DEBUG_INFORMATION_FORMAT = "dwarf-with-dsym";
				ENABLE_NS_ASSERTIONS = NO;
				ENABLE_STRICT_OBJC_MSGSEND = YES;
				GCC_C_LANGUAGE_STANDARD = gnu11;
				GCC_NO_COMMON_BLOCKS = YES;
				GCC_WARN_64_TO_32_BIT_CONVERSION = YES;
				GCC_WARN_ABOUT_RETURN_TYPE = YES_ERROR;
				GCC_WARN_UNDECLARED_SELECTOR = YES;
				GCC_WARN_UNINITIALIZED_AUTOS = YES_AGGRESSIVE;
				GCC_WARN_UNUSED_FUNCTION = YES;
				GCC_WARN_UNUSED_VARIABLE = YES;
				IPHONEOS_DEPLOYMENT_TARGET = 13.2;
				MTL_ENABLE_DEBUG_INFO = NO;
				MTL_FAST_MATH = YES;
				SDKROOT = iphoneos;
				SWIFT_COMPILATION_MODE = wholemodule;
				SWIFT_OPTIMIZATION_LEVEL = "-O";
				VALIDATE_PRODUCT = YES;
			};
			name = Release;
		};
		23A2A34223D5B5850060E76D /* Debug */ = {
			isa = XCBuildConfiguration;
			buildSettings = {
				ASSETCATALOG_COMPILER_APPICON_NAME = AppIcon;
				CODE_SIGN_STYLE = Automatic;
				DEVELOPMENT_TEAM = NN4HS983N7;
				FRAMEWORK_SEARCH_PATHS = (
					"$(inherited)",
					"$(PROJECT_DIR)/Carthage/Build/iOS",
				);
				INFOPLIST_FILE = "VK Tosters/Info.plist";
				LD_RUNPATH_SEARCH_PATHS = (
					"$(inherited)",
					"@executable_path/Frameworks",
				);
				PRODUCT_BUNDLE_IDENTIFIER = "Testing-Builds.VK-Tosters";
				PRODUCT_NAME = "$(TARGET_NAME)";
				SWIFT_VERSION = 5.0;
				TARGETED_DEVICE_FAMILY = "1,2";
			};
			name = Debug;
		};
		23A2A34323D5B5850060E76D /* Release */ = {
			isa = XCBuildConfiguration;
			buildSettings = {
				ASSETCATALOG_COMPILER_APPICON_NAME = AppIcon;
				CODE_SIGN_STYLE = Automatic;
				DEVELOPMENT_TEAM = NN4HS983N7;
				FRAMEWORK_SEARCH_PATHS = (
					"$(inherited)",
					"$(PROJECT_DIR)/Carthage/Build/iOS",
				);
				INFOPLIST_FILE = "VK Tosters/Info.plist";
				LD_RUNPATH_SEARCH_PATHS = (
					"$(inherited)",
					"@executable_path/Frameworks",
				);
				PRODUCT_BUNDLE_IDENTIFIER = "Testing-Builds.VK-Tosters";
				PRODUCT_NAME = "$(TARGET_NAME)";
				SWIFT_VERSION = 5.0;
				TARGETED_DEVICE_FAMILY = "1,2";
			};
			name = Release;
		};
/* End XCBuildConfiguration section */

/* Begin XCConfigurationList section */
		23A2A32823D5B5830060E76D /* Build configuration list for PBXProject "VK Tosters" */ = {
			isa = XCConfigurationList;
			buildConfigurations = (
				23A2A33F23D5B5850060E76D /* Debug */,
				23A2A34023D5B5850060E76D /* Release */,
			);
			defaultConfigurationIsVisible = 0;
			defaultConfigurationName = Release;
		};
		23A2A34123D5B5850060E76D /* Build configuration list for PBXNativeTarget "VK Tosters" */ = {
			isa = XCConfigurationList;
			buildConfigurations = (
				23A2A34223D5B5850060E76D /* Debug */,
				23A2A34323D5B5850060E76D /* Release */,
			);
			defaultConfigurationIsVisible = 0;
			defaultConfigurationName = Release;
		};
/* End XCConfigurationList section */
	};
	rootObject = 23A2A32523D5B5830060E76D /* Project object */;
}
