// !$*UTF8*$!
{
	archiveVersion = 1;
	classes = {
	};
	objectVersion = 50;
	objects = {

/* Begin PBXBuildFile section */
		23083ABC23E17AFF0056993A /* no-photo.png in Resources */ = {isa = PBXBuildFile; fileRef = 23083ABB23E17AFF0056993A /* no-photo.png */; };
		2317185423E85C02001CC481 /* ConversationCore.swift in Sources */ = {isa = PBXBuildFile; fileRef = 2317185323E85C02001CC481 /* ConversationCore.swift */; };
		2324A10023D7585E004BC5EB /* Realm.framework in Frameworks */ = {isa = PBXBuildFile; fileRef = 2324A0FF23D7585E004BC5EB /* Realm.framework */; };
		2324A10123D7585E004BC5EB /* Realm.framework in Embed Frameworks */ = {isa = PBXBuildFile; fileRef = 2324A0FF23D7585E004BC5EB /* Realm.framework */; settings = {ATTRIBUTES = (CodeSignOnCopy, RemoveHeadersOnCopy, ); }; };
		2324A10423D75CAF004BC5EB /* Friend.swift in Sources */ = {isa = PBXBuildFile; fileRef = 2324A10323D75CAF004BC5EB /* Friend.swift */; };
		2324A10623D76A55004BC5EB /* RealmSwift.framework in Frameworks */ = {isa = PBXBuildFile; fileRef = 2324A10523D76A54004BC5EB /* RealmSwift.framework */; };
		2324A10723D76A55004BC5EB /* RealmSwift.framework in Embed Frameworks */ = {isa = PBXBuildFile; fileRef = 2324A10523D76A54004BC5EB /* RealmSwift.framework */; settings = {ATTRIBUTES = (CodeSignOnCopy, RemoveHeadersOnCopy, ); }; };
		2336E83723DE022D00502286 /* FriendCell.xib in Resources */ = {isa = PBXBuildFile; fileRef = 2336E83623DE022D00502286 /* FriendCell.xib */; };
		234290FB23E711A0001E3848 /* DBInterlocutor.swift in Sources */ = {isa = PBXBuildFile; fileRef = 234290FA23E711A0001E3848 /* DBInterlocutor.swift */; };
		2364B7CE23D6DE6F00419A5B /* cross_icon.png in Resources */ = {isa = PBXBuildFile; fileRef = 2364B7CD23D6DE6F00419A5B /* cross_icon.png */; };
		2365852023D6E9710045A07B /* NewsPresenter.swift in Sources */ = {isa = PBXBuildFile; fileRef = 2365851A23D6E9710045A07B /* NewsPresenter.swift */; };
		2365852123D6E9710045A07B /* NewsRouter.swift in Sources */ = {isa = PBXBuildFile; fileRef = 2365851B23D6E9710045A07B /* NewsRouter.swift */; };
		2365852223D6E9710045A07B /* NewsViewController.swift in Sources */ = {isa = PBXBuildFile; fileRef = 2365851C23D6E9710045A07B /* NewsViewController.swift */; };
		2365852323D6E9710045A07B /* NewsProtocols.swift in Sources */ = {isa = PBXBuildFile; fileRef = 2365851D23D6E9710045A07B /* NewsProtocols.swift */; };
		2365852423D6E9710045A07B /* NewsInteractor.swift in Sources */ = {isa = PBXBuildFile; fileRef = 2365851E23D6E9710045A07B /* NewsInteractor.swift */; };
		2365853423D705DE0045A07B /* UIView.swift in Sources */ = {isa = PBXBuildFile; fileRef = 2365853323D705DE0045A07B /* UIView.swift */; };
		2365853823D72C3B0045A07B /* FriendCell.swift in Sources */ = {isa = PBXBuildFile; fileRef = 2365853623D72C3B0045A07B /* FriendCell.swift */; };
		2365854223D731B40045A07B /* FriendsViewController.swift in Sources */ = {isa = PBXBuildFile; fileRef = 2365853C23D731B40045A07B /* FriendsViewController.swift */; };
		2365854B23D735DC0045A07B /* FriendsPresenter.swift in Sources */ = {isa = PBXBuildFile; fileRef = 2365854623D735DC0045A07B /* FriendsPresenter.swift */; };
		2365854C23D735DC0045A07B /* FriendsRouter.swift in Sources */ = {isa = PBXBuildFile; fileRef = 2365854723D735DC0045A07B /* FriendsRouter.swift */; };
		2365854D23D735DC0045A07B /* FriendsProtocols.swift in Sources */ = {isa = PBXBuildFile; fileRef = 2365854823D735DC0045A07B /* FriendsProtocols.swift */; };
		2365854E23D735DC0045A07B /* FriendsInteractor.swift in Sources */ = {isa = PBXBuildFile; fileRef = 2365854923D735DC0045A07B /* FriendsInteractor.swift */; };
		2365855923D743380045A07B /* Kingfisher.framework in Frameworks */ = {isa = PBXBuildFile; fileRef = 2365855623D743380045A07B /* Kingfisher.framework */; };
		2365855A23D743380045A07B /* Kingfisher.framework in Embed Frameworks */ = {isa = PBXBuildFile; fileRef = 2365855623D743380045A07B /* Kingfisher.framework */; settings = {ATTRIBUTES = (CodeSignOnCopy, RemoveHeadersOnCopy, ); }; };
		2365855B23D743380045A07B /* KingfisherSwiftUI.framework in Frameworks */ = {isa = PBXBuildFile; fileRef = 2365855723D743380045A07B /* KingfisherSwiftUI.framework */; };
		2365855C23D743380045A07B /* KingfisherSwiftUI.framework in Embed Frameworks */ = {isa = PBXBuildFile; fileRef = 2365855723D743380045A07B /* KingfisherSwiftUI.framework */; settings = {ATTRIBUTES = (CodeSignOnCopy, RemoveHeadersOnCopy, ); }; };
		2366459C23EC1BBC00288D49 /* Group.swift in Sources */ = {isa = PBXBuildFile; fileRef = 2366459B23EC1BBC00288D49 /* Group.swift */; };
		2366459E23EC209500288D49 /* Chat.swift in Sources */ = {isa = PBXBuildFile; fileRef = 2366459D23EC209500288D49 /* Chat.swift */; };
		2366BB57242A5FA200D16EC4 /* Realm.swift in Sources */ = {isa = PBXBuildFile; fileRef = 2366BB56242A5FA200D16EC4 /* Realm.swift */; };
		237AA34923E427F4006B50EB /* Attachments.swift in Sources */ = {isa = PBXBuildFile; fileRef = 237AA34823E427F4006B50EB /* Attachments.swift */; };
		237AA34B23E4B2BE006B50EB /* ForceTouchGestureRecognizer.swift in Sources */ = {isa = PBXBuildFile; fileRef = 237AA34A23E4B2BE006B50EB /* ForceTouchGestureRecognizer.swift */; };
		2383B19A23DB384B007D7D76 /* BaseViewController.swift in Sources */ = {isa = PBXBuildFile; fileRef = 2383B19823DB384B007D7D76 /* BaseViewController.swift */; };
		2383B19E23DB3B61007D7D76 /* error.png in Resources */ = {isa = PBXBuildFile; fileRef = 2383B19C23DB3B61007D7D76 /* error.png */; };
		2383B19F23DB3B61007D7D76 /* error_image.png in Resources */ = {isa = PBXBuildFile; fileRef = 2383B19D23DB3B61007D7D76 /* error_image.png */; };
		2383B23923DB5529007D7D76 /* ErrorView.swift in Sources */ = {isa = PBXBuildFile; fileRef = 2383B23823DB5529007D7D76 /* ErrorView.swift */; };
		2383B23D23DB5E87007D7D76 /* PureLayout.framework in Frameworks */ = {isa = PBXBuildFile; fileRef = 2383B23C23DB5E87007D7D76 /* PureLayout.framework */; };
		2383B23E23DB5E87007D7D76 /* PureLayout.framework in Embed Frameworks */ = {isa = PBXBuildFile; fileRef = 2383B23C23DB5E87007D7D76 /* PureLayout.framework */; settings = {ATTRIBUTES = (CodeSignOnCopy, RemoveHeadersOnCopy, ); }; };
		2383B24023DB6AB2007D7D76 /* golovakrug.gif in Resources */ = {isa = PBXBuildFile; fileRef = 2383B23F23DB6AB1007D7D76 /* golovakrug.gif */; };
		2383B24223DB6B6A007D7D76 /* online.png in Resources */ = {isa = PBXBuildFile; fileRef = 2383B24123DB6B6A007D7D76 /* online.png */; };
		2384E7CF23E1DE3E00F218D5 /* delete-empty-outline.png in Resources */ = {isa = PBXBuildFile; fileRef = 2384E7CD23E1DE3E00F218D5 /* delete-empty-outline.png */; };
		2384E7D023E1DE3E00F218D5 /* message-outline.png in Resources */ = {isa = PBXBuildFile; fileRef = 2384E7CE23E1DE3E00F218D5 /* message-outline.png */; };
		2397947D23E2D37A005E548E /* newspaper-variant-outline.png in Resources */ = {isa = PBXBuildFile; fileRef = 2397947A23E2D379005E548E /* newspaper-variant-outline.png */; };
		2397947E23E2D37A005E548E /* bell-outline.png in Resources */ = {isa = PBXBuildFile; fileRef = 2397947B23E2D37A005E548E /* bell-outline.png */; };
		2397947F23E2D37A005E548E /* magnify.png in Resources */ = {isa = PBXBuildFile; fileRef = 2397947C23E2D37A005E548E /* magnify.png */; };
		2397948123E2D4F1005E548E /* TabBarStartController.swift in Sources */ = {isa = PBXBuildFile; fileRef = 2397948023E2D4F1005E548E /* TabBarStartController.swift */; };
		2397948923E2E5E3005E548E /* MessagesPresenter.swift in Sources */ = {isa = PBXBuildFile; fileRef = 2397948323E2E5E3005E548E /* MessagesPresenter.swift */; };
		2397948A23E2E5E3005E548E /* MessagesRouter.swift in Sources */ = {isa = PBXBuildFile; fileRef = 2397948423E2E5E3005E548E /* MessagesRouter.swift */; };
		2397948B23E2E5E3005E548E /* MessagesViewController.swift in Sources */ = {isa = PBXBuildFile; fileRef = 2397948523E2E5E3005E548E /* MessagesViewController.swift */; };
		2397948C23E2E5E3005E548E /* MessagesProtocols.swift in Sources */ = {isa = PBXBuildFile; fileRef = 2397948623E2E5E3005E548E /* MessagesProtocols.swift */; };
		2397948D23E2E5E3005E548E /* MessagesInteractor.swift in Sources */ = {isa = PBXBuildFile; fileRef = 2397948723E2E5E3005E548E /* MessagesInteractor.swift */; };
		2397949223E2E96A005E548E /* LastMessage.swift in Sources */ = {isa = PBXBuildFile; fileRef = 2397949123E2E96A005E548E /* LastMessage.swift */; };
		2397949423E2E97C005E548E /* Conversation.swift in Sources */ = {isa = PBXBuildFile; fileRef = 2397949323E2E97C005E548E /* Conversation.swift */; };
		2397949A23E2EA0A005E548E /* Peer.swift in Sources */ = {isa = PBXBuildFile; fileRef = 2397949923E2EA0A005E548E /* Peer.swift */; };
		2397949C23E2EA9F005E548E /* Writing.swift in Sources */ = {isa = PBXBuildFile; fileRef = 2397949B23E2EA9F005E548E /* Writing.swift */; };
		2397949E23E2EB0A005E548E /* ChatSettings.swift in Sources */ = {isa = PBXBuildFile; fileRef = 2397949D23E2EB0A005E548E /* ChatSettings.swift */; };
		239794A123E2F174005E548E /* MessageViewCell.swift in Sources */ = {isa = PBXBuildFile; fileRef = 2397949F23E2F174005E548E /* MessageViewCell.swift */; };
		239794A223E2F174005E548E /* MessageViewCell.xib in Resources */ = {isa = PBXBuildFile; fileRef = 239794A023E2F174005E548E /* MessageViewCell.xib */; };
		2397AF1823E08B65007EAEDE /* account-outline.png in Resources */ = {isa = PBXBuildFile; fileRef = 2397AF1723E08B65007EAEDE /* account-outline.png */; };
		2397AF1A23E08BBF007EAEDE /* briefcase-outline.png in Resources */ = {isa = PBXBuildFile; fileRef = 2397AF1923E08BBF007EAEDE /* briefcase-outline.png */; };
		2397AF1D23E08C47007EAEDE /* signal-variant.png in Resources */ = {isa = PBXBuildFile; fileRef = 2397AF1B23E08C47007EAEDE /* signal-variant.png */; };
		2397AF1E23E08C47007EAEDE /* information-outline.png in Resources */ = {isa = PBXBuildFile; fileRef = 2397AF1C23E08C47007EAEDE /* information-outline.png */; };
		2397AF2023E0952C007EAEDE /* Counters.swift in Sources */ = {isa = PBXBuildFile; fileRef = 2397AF1F23E0952C007EAEDE /* Counters.swift */; };
		2397AF2223E09D1C007EAEDE /* card-search-outline.png in Resources */ = {isa = PBXBuildFile; fileRef = 2397AF2123E09D1C007EAEDE /* card-search-outline.png */; };
		2397AF2723E0A544007EAEDE /* PhotoViewCell.swift in Sources */ = {isa = PBXBuildFile; fileRef = 2397AF2523E0A544007EAEDE /* PhotoViewCell.swift */; };
		2397AF2823E0A544007EAEDE /* PhotoViewCell.xib in Resources */ = {isa = PBXBuildFile; fileRef = 2397AF2623E0A544007EAEDE /* PhotoViewCell.xib */; };
		2397AF2A23E0A628007EAEDE /* Photo.swift in Sources */ = {isa = PBXBuildFile; fileRef = 2397AF2923E0A628007EAEDE /* Photo.swift */; };
		2397AF2C23E0ACD0007EAEDE /* Sizes.swift in Sources */ = {isa = PBXBuildFile; fileRef = 2397AF2B23E0ACD0007EAEDE /* Sizes.swift */; };
		239E0E5C23DC295700047395 /* UIImage.swift in Sources */ = {isa = PBXBuildFile; fileRef = 239E0E5B23DC295700047395 /* UIImage.swift */; };
		239E0E5E23DC2B0C00047395 /* LoadingView.swift in Sources */ = {isa = PBXBuildFile; fileRef = 239E0E5D23DC2B0C00047395 /* LoadingView.swift */; };
		23A2A33123D5B5840060E76D /* AppDelegate.swift in Sources */ = {isa = PBXBuildFile; fileRef = 23A2A33023D5B5840060E76D /* AppDelegate.swift */; };
		23A2A33323D5B5840060E76D /* SceneDelegate.swift in Sources */ = {isa = PBXBuildFile; fileRef = 23A2A33223D5B5840060E76D /* SceneDelegate.swift */; };
		23A2A33823D5B5840060E76D /* Main.storyboard in Resources */ = {isa = PBXBuildFile; fileRef = 23A2A33623D5B5840060E76D /* Main.storyboard */; };
		23A2A33A23D5B5850060E76D /* Assets.xcassets in Resources */ = {isa = PBXBuildFile; fileRef = 23A2A33923D5B5850060E76D /* Assets.xcassets */; };
		23A2A33D23D5B5850060E76D /* LaunchScreen.storyboard in Resources */ = {isa = PBXBuildFile; fileRef = 23A2A33B23D5B5850060E76D /* LaunchScreen.storyboard */; };
		23A2A35623D5C8D90060E76D /* Alamofire.framework in Frameworks */ = {isa = PBXBuildFile; fileRef = 23A2A35323D5C8D90060E76D /* Alamofire.framework */; };
		23A2A35723D5C8D90060E76D /* Alamofire.framework in Embed Frameworks */ = {isa = PBXBuildFile; fileRef = 23A2A35323D5C8D90060E76D /* Alamofire.framework */; settings = {ATTRIBUTES = (CodeSignOnCopy, RemoveHeadersOnCopy, ); }; };
		23A2A35823D5C8D90060E76D /* SwiftyVK.framework in Frameworks */ = {isa = PBXBuildFile; fileRef = 23A2A35423D5C8D90060E76D /* SwiftyVK.framework */; };
		23A2A35923D5C8D90060E76D /* SwiftyVK.framework in Embed Frameworks */ = {isa = PBXBuildFile; fileRef = 23A2A35423D5C8D90060E76D /* SwiftyVK.framework */; settings = {ATTRIBUTES = (CodeSignOnCopy, RemoveHeadersOnCopy, ); }; };
		23A2A35A23D5C8D90060E76D /* SwiftyJSON.framework in Frameworks */ = {isa = PBXBuildFile; fileRef = 23A2A35523D5C8D90060E76D /* SwiftyJSON.framework */; };
		23A2A35B23D5C8D90060E76D /* SwiftyJSON.framework in Embed Frameworks */ = {isa = PBXBuildFile; fileRef = 23A2A35523D5C8D90060E76D /* SwiftyJSON.framework */; settings = {ATTRIBUTES = (CodeSignOnCopy, RemoveHeadersOnCopy, ); }; };
		23A2A36323D5DA930060E76D /* VKDelegate.swift in Sources */ = {isa = PBXBuildFile; fileRef = 23A2A36223D5DA930060E76D /* VKDelegate.swift */; };
		23A2A36523D5DB270060E76D /* VKConstants.swift in Sources */ = {isa = PBXBuildFile; fileRef = 23A2A36423D5DB270060E76D /* VKConstants.swift */; };
		23A2A36823D5E07F0060E76D /* ApiV1.swift in Sources */ = {isa = PBXBuildFile; fileRef = 23A2A36723D5E07F0060E76D /* ApiV1.swift */; };
		23A2A36C23D5E2500060E76D /* ViewController.swift in Sources */ = {isa = PBXBuildFile; fileRef = 23A2A36B23D5E2500060E76D /* ViewController.swift */; };
		23A2A36F23D5EFB30060E76D /* UIToaster.swift in Sources */ = {isa = PBXBuildFile; fileRef = 23A2A36E23D5EFB30060E76D /* UIToaster.swift */; };
		23A2A37123D5F5F80060E76D /* Colors.swift in Sources */ = {isa = PBXBuildFile; fileRef = 23A2A37023D5F5F80060E76D /* Colors.swift */; };
		23A2A37423D5FA1A0060E76D /* String.swift in Sources */ = {isa = PBXBuildFile; fileRef = 23A2A37323D5FA1A0060E76D /* String.swift */; };
		23A2A39B23D604810060E76D /* Lato-Black.ttf in Resources */ = {isa = PBXBuildFile; fileRef = 23A2A38423D5FF640060E76D /* Lato-Black.ttf */; };
		23A2A39C23D604810060E76D /* Lato-BlackItalic.ttf in Resources */ = {isa = PBXBuildFile; fileRef = 23A2A37823D5FF640060E76D /* Lato-BlackItalic.ttf */; };
		23A2A39D23D604810060E76D /* Lato-Bold.ttf in Resources */ = {isa = PBXBuildFile; fileRef = 23A2A38723D5FF640060E76D /* Lato-Bold.ttf */; };
		23A2A39E23D604810060E76D /* Lato-BoldItalic.ttf in Resources */ = {isa = PBXBuildFile; fileRef = 23A2A37723D5FF640060E76D /* Lato-BoldItalic.ttf */; };
		23A2A39F23D604810060E76D /* Lato-Hairline.ttf in Resources */ = {isa = PBXBuildFile; fileRef = 23A2A37E23D5FF640060E76D /* Lato-Hairline.ttf */; };
		23A2A3A023D604810060E76D /* Lato-HairlineItalic.ttf in Resources */ = {isa = PBXBuildFile; fileRef = 23A2A37923D5FF640060E76D /* Lato-HairlineItalic.ttf */; };
		23A2A3A123D604820060E76D /* Lato-Heavy.ttf in Resources */ = {isa = PBXBuildFile; fileRef = 23A2A37C23D5FF640060E76D /* Lato-Heavy.ttf */; };
		23A2A3A223D604820060E76D /* Lato-HeavyItalic.ttf in Resources */ = {isa = PBXBuildFile; fileRef = 23A2A37B23D5FF640060E76D /* Lato-HeavyItalic.ttf */; };
		23A2A3A323D604820060E76D /* Lato-Italic.ttf in Resources */ = {isa = PBXBuildFile; fileRef = 23A2A38823D5FF640060E76D /* Lato-Italic.ttf */; };
		23A2A3A423D604820060E76D /* Lato-Light.ttf in Resources */ = {isa = PBXBuildFile; fileRef = 23A2A38523D5FF640060E76D /* Lato-Light.ttf */; };
		23A2A3A523D604820060E76D /* Lato-LightItalic.ttf in Resources */ = {isa = PBXBuildFile; fileRef = 23A2A38123D5FF640060E76D /* Lato-LightItalic.ttf */; };
		23A2A3A623D604820060E76D /* Lato-Medium.ttf in Resources */ = {isa = PBXBuildFile; fileRef = 23A2A37D23D5FF640060E76D /* Lato-Medium.ttf */; };
		23A2A3A723D604820060E76D /* Lato-MediumItalic.ttf in Resources */ = {isa = PBXBuildFile; fileRef = 23A2A38023D5FF640060E76D /* Lato-MediumItalic.ttf */; };
		23A2A3A823D604820060E76D /* Lato-Regular.ttf in Resources */ = {isa = PBXBuildFile; fileRef = 23A2A38623D5FF640060E76D /* Lato-Regular.ttf */; };
		23A2A3A923D604820060E76D /* Lato-Semibold.ttf in Resources */ = {isa = PBXBuildFile; fileRef = 23A2A37F23D5FF640060E76D /* Lato-Semibold.ttf */; };
		23A2A3AA23D604820060E76D /* Lato-SemiboldItalic.ttf in Resources */ = {isa = PBXBuildFile; fileRef = 23A2A38223D5FF640060E76D /* Lato-SemiboldItalic.ttf */; };
		23A2A3AB23D604820060E76D /* Lato-Thin.ttf in Resources */ = {isa = PBXBuildFile; fileRef = 23A2A38323D5FF640060E76D /* Lato-Thin.ttf */; };
		23A2A3AC23D604820060E76D /* Lato-ThinItalic.ttf in Resources */ = {isa = PBXBuildFile; fileRef = 23A2A37A23D5FF640060E76D /* Lato-ThinItalic.ttf */; };
		23A2A3AE23D607270060E76D /* NotificationName.swift in Sources */ = {isa = PBXBuildFile; fileRef = 23A2A3AD23D607270060E76D /* NotificationName.swift */; };
		23A2A3B023D614D90060E76D /* ReachabilityDetect.swift in Sources */ = {isa = PBXBuildFile; fileRef = 23A2A3AF23D614D90060E76D /* ReachabilityDetect.swift */; };
		23A2A3B423D61DCE0060E76D /* PopupViewController.swift in Sources */ = {isa = PBXBuildFile; fileRef = 23A2A3B323D61DCE0060E76D /* PopupViewController.swift */; };
		23A2A3CF23D61EE90060E76D /* BottomPopupPresentAnimator.swift in Sources */ = {isa = PBXBuildFile; fileRef = 23A2A3C723D61EE80060E76D /* BottomPopupPresentAnimator.swift */; };
		23A2A3D023D61EE90060E76D /* BottomPopupViewController.swift in Sources */ = {isa = PBXBuildFile; fileRef = 23A2A3C823D61EE80060E76D /* BottomPopupViewController.swift */; };
		23A2A3D123D61EE90060E76D /* BottomPopupDismissInteractionController.swift in Sources */ = {isa = PBXBuildFile; fileRef = 23A2A3C923D61EE80060E76D /* BottomPopupDismissInteractionController.swift */; };
		23A2A3D223D61EE90060E76D /* BottomPopupDismissAnimator.swift in Sources */ = {isa = PBXBuildFile; fileRef = 23A2A3CA23D61EE80060E76D /* BottomPopupDismissAnimator.swift */; };
		23A2A3D323D61EE90060E76D /* BottomPopupUtils.swift in Sources */ = {isa = PBXBuildFile; fileRef = 23A2A3CB23D61EE80060E76D /* BottomPopupUtils.swift */; };
		23A2A3D423D61EE90060E76D /* BottomPopupNavigationController.swift in Sources */ = {isa = PBXBuildFile; fileRef = 23A2A3CC23D61EE90060E76D /* BottomPopupNavigationController.swift */; };
		23A2A3D523D61EE90060E76D /* BottomPopupTransitionHandler.swift in Sources */ = {isa = PBXBuildFile; fileRef = 23A2A3CD23D61EE90060E76D /* BottomPopupTransitionHandler.swift */; };
		23A2A3D623D61EE90060E76D /* BottomPopupPresentationController.swift in Sources */ = {isa = PBXBuildFile; fileRef = 23A2A3CE23D61EE90060E76D /* BottomPopupPresentationController.swift */; };
		23A335AC23DEB62E00270FED /* back.png in Resources */ = {isa = PBXBuildFile; fileRef = 23A335AB23DEB62E00270FED /* back.png */; };
		23A335B023DEBF9A00270FED /* logout.png in Resources */ = {isa = PBXBuildFile; fileRef = 23A335AF23DEBF9A00270FED /* logout.png */; };
		23A335C823DF415D00270FED /* SearchTableView.swift in Sources */ = {isa = PBXBuildFile; fileRef = 23A335C723DF415D00270FED /* SearchTableView.swift */; };
		23A335CA23DF471E00270FED /* UISearchBar.swift in Sources */ = {isa = PBXBuildFile; fileRef = 23A335C923DF471E00270FED /* UISearchBar.swift */; };
		23B5BE3623D848C00038870C /* ApiFields.swift in Sources */ = {isa = PBXBuildFile; fileRef = 23B5BE3523D848C00038870C /* ApiFields.swift */; };
		23B97E56242BA47C001B60D5 /* Motion.framework in Frameworks */ = {isa = PBXBuildFile; fileRef = 23B97E54242BA47C001B60D5 /* Motion.framework */; };
		23B97E57242BA47C001B60D5 /* Motion.framework in Embed Frameworks */ = {isa = PBXBuildFile; fileRef = 23B97E54242BA47C001B60D5 /* Motion.framework */; settings = {ATTRIBUTES = (CodeSignOnCopy, RemoveHeadersOnCopy, ); }; };
		23B97E58242BA47C001B60D5 /* Material.framework in Frameworks */ = {isa = PBXBuildFile; fileRef = 23B97E55242BA47C001B60D5 /* Material.framework */; };
		23B97E59242BA47C001B60D5 /* Material.framework in Embed Frameworks */ = {isa = PBXBuildFile; fileRef = 23B97E55242BA47C001B60D5 /* Material.framework */; settings = {ATTRIBUTES = (CodeSignOnCopy, RemoveHeadersOnCopy, ); }; };
		23BB969223D9E06C006A659C /* UIViewController.swift in Sources */ = {isa = PBXBuildFile; fileRef = 23BB969123D9E06C006A659C /* UIViewController.swift */; };
		23BB969423DA014A006A659C /* CompletionHandlers.swift in Sources */ = {isa = PBXBuildFile; fileRef = 23BB969323DA014A006A659C /* CompletionHandlers.swift */; };
		23C2C42323D87F4C008A3C6F /* PlaceholderCell.swift in Sources */ = {isa = PBXBuildFile; fileRef = 23C2C42123D87F4C008A3C6F /* PlaceholderCell.swift */; };
		23C2C42423D87F4C008A3C6F /* PlaceholderCell.xib in Resources */ = {isa = PBXBuildFile; fileRef = 23C2C42223D87F4C008A3C6F /* PlaceholderCell.xib */; };
		23C2C42623D88446008A3C6F /* Date.swift in Sources */ = {isa = PBXBuildFile; fileRef = 23C2C42523D88446008A3C6F /* Date.swift */; };
		23CE2DC823E583BF00C330AB /* apple-online.png in Resources */ = {isa = PBXBuildFile; fileRef = 23CE2DC523E583BE00C330AB /* apple-online.png */; };
		23CE2DC923E583BF00C330AB /* windows-online.png in Resources */ = {isa = PBXBuildFile; fileRef = 23CE2DC623E583BE00C330AB /* windows-online.png */; };
		23CE2DCA23E583BF00C330AB /* android-online.png in Resources */ = {isa = PBXBuildFile; fileRef = 23CE2DC723E583BF00C330AB /* android-online.png */; };
		23CE2DCC23E5879800C330AB /* mobile-online.png in Resources */ = {isa = PBXBuildFile; fileRef = 23CE2DCB23E5879800C330AB /* mobile-online.png */; };
		23CE2DCE23E587BB00C330AB /* LastSeen.swift in Sources */ = {isa = PBXBuildFile; fileRef = 23CE2DCD23E587BB00C330AB /* LastSeen.swift */; };
		23CE2DD023E58C0700C330AB /* online-pc.png in Resources */ = {isa = PBXBuildFile; fileRef = 23CE2DCF23E58C0700C330AB /* online-pc.png */; };
		23CE2DD823E58E5900C330AB /* DialogPresenter.swift in Sources */ = {isa = PBXBuildFile; fileRef = 23CE2DD223E58E5900C330AB /* DialogPresenter.swift */; };
		23CE2DD923E58E5900C330AB /* DialogRouter.swift in Sources */ = {isa = PBXBuildFile; fileRef = 23CE2DD323E58E5900C330AB /* DialogRouter.swift */; };
		23CE2DDA23E58E5900C330AB /* DialogViewController.swift in Sources */ = {isa = PBXBuildFile; fileRef = 23CE2DD423E58E5900C330AB /* DialogViewController.swift */; };
		23CE2DDB23E58E5900C330AB /* DialogProtocols.swift in Sources */ = {isa = PBXBuildFile; fileRef = 23CE2DD523E58E5900C330AB /* DialogProtocols.swift */; };
		23CE2DDC23E58E5900C330AB /* DialogInteractor.swift in Sources */ = {isa = PBXBuildFile; fileRef = 23CE2DD623E58E5900C330AB /* DialogInteractor.swift */; };
		23CE2DE123E5906B00C330AB /* attach.png in Resources */ = {isa = PBXBuildFile; fileRef = 23CE2DDF23E5906A00C330AB /* attach.png */; };
		23CE2DE223E5906B00C330AB /* send.png in Resources */ = {isa = PBXBuildFile; fileRef = 23CE2DE023E5906B00C330AB /* send.png */; };
		23CE2DE423E5ACF400C330AB /* KeyboardFrameTracker.swift in Sources */ = {isa = PBXBuildFile; fileRef = 23CE2DE323E5ACF400C330AB /* KeyboardFrameTracker.swift */; };
		23CE2DE723E5C63500C330AB /* InMessageCell.swift in Sources */ = {isa = PBXBuildFile; fileRef = 23CE2DE523E5C63500C330AB /* InMessageCell.swift */; };
		23CE2DE823E5C63500C330AB /* InMessageCell.xib in Resources */ = {isa = PBXBuildFile; fileRef = 23CE2DE623E5C63500C330AB /* InMessageCell.xib */; };
		23CE2DEB23E5CDB600C330AB /* DialogMessageModel.swift in Sources */ = {isa = PBXBuildFile; fileRef = 23CE2DEA23E5CDB600C330AB /* DialogMessageModel.swift */; };
		23CE2DEE23E5DA6F00C330AB /* OutMessageCell.swift in Sources */ = {isa = PBXBuildFile; fileRef = 23CE2DEC23E5DA6F00C330AB /* OutMessageCell.swift */; };
		23CE2DEF23E5DA6F00C330AB /* OutMessageCell.xib in Resources */ = {isa = PBXBuildFile; fileRef = 23CE2DED23E5DA6F00C330AB /* OutMessageCell.xib */; };
		23CE2DF123E5E5FE00C330AB /* UITextView.swift in Sources */ = {isa = PBXBuildFile; fileRef = 23CE2DF023E5E5FE00C330AB /* UITextView.swift */; };
		23D6296523E6C376005704BA /* DBConversation.swift in Sources */ = {isa = PBXBuildFile; fileRef = 23D6296423E6C376005704BA /* DBConversation.swift */; };
		23EDF64C23DC303300D7BEAB /* FLAnimatedImage.framework in Frameworks */ = {isa = PBXBuildFile; fileRef = 23EDF64B23DC303300D7BEAB /* FLAnimatedImage.framework */; };
		23EDF64D23DC303300D7BEAB /* FLAnimatedImage.framework in Embed Frameworks */ = {isa = PBXBuildFile; fileRef = 23EDF64B23DC303300D7BEAB /* FLAnimatedImage.framework */; settings = {ATTRIBUTES = (CodeSignOnCopy, RemoveHeadersOnCopy, ); }; };
		23EDF65723DC4F6F00D7BEAB /* osmotr.gif in Resources */ = {isa = PBXBuildFile; fileRef = 23EDF65523DC4F6F00D7BEAB /* osmotr.gif */; };
		23EDF65823DC4F6F00D7BEAB /* prigi.gif in Resources */ = {isa = PBXBuildFile; fileRef = 23EDF65623DC4F6F00D7BEAB /* prigi.gif */; };
		23EDF65A23DC516900D7BEAB /* UINavigationBar.swift in Sources */ = {isa = PBXBuildFile; fileRef = 23EDF65923DC516900D7BEAB /* UINavigationBar.swift */; };
		23F2FB5B242F6B5800DCCD3C /* TextInputContainer.swift in Sources */ = {isa = PBXBuildFile; fileRef = 23F2FB59242F6B5700DCCD3C /* TextInputContainer.swift */; };
		23F2FB5C242F6B5800DCCD3C /* TableViewFooter.swift in Sources */ = {isa = PBXBuildFile; fileRef = 23F2FB5A242F6B5700DCCD3C /* TableViewFooter.swift */; };
		23F2FB61242F75E400DCCD3C /* BubbleTabBar.swift in Sources */ = {isa = PBXBuildFile; fileRef = 23F2FB5E242F75E400DCCD3C /* BubbleTabBar.swift */; };
		23F2FB62242F75E400DCCD3C /* BubbleTabBarController.swift in Sources */ = {isa = PBXBuildFile; fileRef = 23F2FB5F242F75E400DCCD3C /* BubbleTabBarController.swift */; };
		23F2FB63242F75E400DCCD3C /* CBTabBarButton.swift in Sources */ = {isa = PBXBuildFile; fileRef = 23F2FB60242F75E400DCCD3C /* CBTabBarButton.swift */; };
		23F2FB66242F87FB00DCCD3C /* MenuCell.swift in Sources */ = {isa = PBXBuildFile; fileRef = 23F2FB64242F87FB00DCCD3C /* MenuCell.swift */; };
		23F2FB67242F87FB00DCCD3C /* MenuCell.xib in Resources */ = {isa = PBXBuildFile; fileRef = 23F2FB65242F87FB00DCCD3C /* MenuCell.xib */; };
		23FACC1423DC6B330021E569 /* SwiftyDefaults.swift in Sources */ = {isa = PBXBuildFile; fileRef = 23FACC1323DC6B330021E569 /* SwiftyDefaults.swift */; };
		23FACC1923DC6C0D0021E569 /* UsersDefaults.swift in Sources */ = {isa = PBXBuildFile; fileRef = 23FACC1823DC6C0D0021E569 /* UsersDefaults.swift */; };
		23FACC1B23DC6E4E0021E569 /* Profile.swift in Sources */ = {isa = PBXBuildFile; fileRef = 23FACC1A23DC6E4E0021E569 /* Profile.swift */; };
		23FACC2323DC7D5B0021E569 /* City.swift in Sources */ = {isa = PBXBuildFile; fileRef = 23FACC2123DC7D5B0021E569 /* City.swift */; };
		23FACC2423DC7D5B0021E569 /* Country.swift in Sources */ = {isa = PBXBuildFile; fileRef = 23FACC2223DC7D5B0021E569 /* Country.swift */; };
		23FACC2623DC95890021E569 /* Error.swift in Sources */ = {isa = PBXBuildFile; fileRef = 23FACC2523DC95890021E569 /* Error.swift */; };
		23FACC2823DCA6FE0021E569 /* UIColor.swift in Sources */ = {isa = PBXBuildFile; fileRef = 23FACC2723DCA6FE0021E569 /* UIColor.swift */; };
		23FE15E923D8942D00A19990 /* LocalizationRU.swift in Sources */ = {isa = PBXBuildFile; fileRef = 23FE15E823D8942D00A19990 /* LocalizationRU.swift */; };
		23FE15F123D8A71C00A19990 /* ProfilePresenter.swift in Sources */ = {isa = PBXBuildFile; fileRef = 23FE15EB23D8A71C00A19990 /* ProfilePresenter.swift */; };
		23FE15F223D8A71C00A19990 /* ProfileRouter.swift in Sources */ = {isa = PBXBuildFile; fileRef = 23FE15EC23D8A71C00A19990 /* ProfileRouter.swift */; };
		23FE15F323D8A71C00A19990 /* ProfileViewController.swift in Sources */ = {isa = PBXBuildFile; fileRef = 23FE15ED23D8A71C00A19990 /* ProfileViewController.swift */; };
		23FE15F423D8A71C00A19990 /* ProfileProtocols.swift in Sources */ = {isa = PBXBuildFile; fileRef = 23FE15EE23D8A71C00A19990 /* ProfileProtocols.swift */; };
		23FE15F523D8A71C00A19990 /* ProfileInteractor.swift in Sources */ = {isa = PBXBuildFile; fileRef = 23FE15EF23D8A71C00A19990 /* ProfileInteractor.swift */; };
		23FE15F823D8BD8F00A19990 /* User.swift in Sources */ = {isa = PBXBuildFile; fileRef = 23FE15F723D8BD8F00A19990 /* User.swift */; };
/* End PBXBuildFile section */

/* Begin PBXCopyFilesBuildPhase section */
		23A2A35C23D5C8D90060E76D /* Embed Frameworks */ = {
			isa = PBXCopyFilesBuildPhase;
			buildActionMask = 2147483647;
			dstPath = "";
			dstSubfolderSpec = 10;
			files = (
				23A2A35723D5C8D90060E76D /* Alamofire.framework in Embed Frameworks */,
				23EDF64D23DC303300D7BEAB /* FLAnimatedImage.framework in Embed Frameworks */,
				23A2A35923D5C8D90060E76D /* SwiftyVK.framework in Embed Frameworks */,
				2383B23E23DB5E87007D7D76 /* PureLayout.framework in Embed Frameworks */,
				2365855A23D743380045A07B /* Kingfisher.framework in Embed Frameworks */,
				2324A10123D7585E004BC5EB /* Realm.framework in Embed Frameworks */,
				23B97E57242BA47C001B60D5 /* Motion.framework in Embed Frameworks */,
				23B97E59242BA47C001B60D5 /* Material.framework in Embed Frameworks */,
				23A2A35B23D5C8D90060E76D /* SwiftyJSON.framework in Embed Frameworks */,
				2324A10723D76A55004BC5EB /* RealmSwift.framework in Embed Frameworks */,
				2365855C23D743380045A07B /* KingfisherSwiftUI.framework in Embed Frameworks */,
			);
			name = "Embed Frameworks";
			runOnlyForDeploymentPostprocessing = 0;
		};
/* End PBXCopyFilesBuildPhase section */

/* Begin PBXFileReference section */
		23083ABB23E17AFF0056993A /* no-photo.png */ = {isa = PBXFileReference; lastKnownFileType = image.png; path = "no-photo.png"; sourceTree = "<group>"; };
		2317185323E85C02001CC481 /* ConversationCore.swift */ = {isa = PBXFileReference; lastKnownFileType = sourcecode.swift; path = ConversationCore.swift; sourceTree = "<group>"; };
		2324A0FF23D7585E004BC5EB /* Realm.framework */ = {isa = PBXFileReference; lastKnownFileType = wrapper.framework; name = Realm.framework; path = Carthage/Build/iOS/Realm.framework; sourceTree = "<group>"; };
		2324A10323D75CAF004BC5EB /* Friend.swift */ = {isa = PBXFileReference; lastKnownFileType = sourcecode.swift; path = Friend.swift; sourceTree = "<group>"; };
		2324A10523D76A54004BC5EB /* RealmSwift.framework */ = {isa = PBXFileReference; lastKnownFileType = wrapper.framework; name = RealmSwift.framework; path = Carthage/Build/iOS/RealmSwift.framework; sourceTree = "<group>"; };
		2336E83623DE022D00502286 /* FriendCell.xib */ = {isa = PBXFileReference; fileEncoding = 4; lastKnownFileType = file.xib; path = FriendCell.xib; sourceTree = "<group>"; };
		234290FA23E711A0001E3848 /* DBInterlocutor.swift */ = {isa = PBXFileReference; lastKnownFileType = sourcecode.swift; path = DBInterlocutor.swift; sourceTree = "<group>"; };
		2364B7CD23D6DE6F00419A5B /* cross_icon.png */ = {isa = PBXFileReference; lastKnownFileType = image.png; path = cross_icon.png; sourceTree = "<group>"; };
		2365851A23D6E9710045A07B /* NewsPresenter.swift */ = {isa = PBXFileReference; lastKnownFileType = sourcecode.swift; path = NewsPresenter.swift; sourceTree = "<group>"; };
		2365851B23D6E9710045A07B /* NewsRouter.swift */ = {isa = PBXFileReference; lastKnownFileType = sourcecode.swift; path = NewsRouter.swift; sourceTree = "<group>"; };
		2365851C23D6E9710045A07B /* NewsViewController.swift */ = {isa = PBXFileReference; lastKnownFileType = sourcecode.swift; path = NewsViewController.swift; sourceTree = "<group>"; };
		2365851D23D6E9710045A07B /* NewsProtocols.swift */ = {isa = PBXFileReference; lastKnownFileType = sourcecode.swift; path = NewsProtocols.swift; sourceTree = "<group>"; };
		2365851E23D6E9710045A07B /* NewsInteractor.swift */ = {isa = PBXFileReference; lastKnownFileType = sourcecode.swift; path = NewsInteractor.swift; sourceTree = "<group>"; };
		2365853323D705DE0045A07B /* UIView.swift */ = {isa = PBXFileReference; lastKnownFileType = sourcecode.swift; path = UIView.swift; sourceTree = "<group>"; };
		2365853623D72C3B0045A07B /* FriendCell.swift */ = {isa = PBXFileReference; lastKnownFileType = sourcecode.swift; path = FriendCell.swift; sourceTree = "<group>"; };
		2365853C23D731B40045A07B /* FriendsViewController.swift */ = {isa = PBXFileReference; lastKnownFileType = sourcecode.swift; path = FriendsViewController.swift; sourceTree = "<group>"; };
		2365854623D735DC0045A07B /* FriendsPresenter.swift */ = {isa = PBXFileReference; lastKnownFileType = sourcecode.swift; path = FriendsPresenter.swift; sourceTree = "<group>"; };
		2365854723D735DC0045A07B /* FriendsRouter.swift */ = {isa = PBXFileReference; lastKnownFileType = sourcecode.swift; path = FriendsRouter.swift; sourceTree = "<group>"; };
		2365854823D735DC0045A07B /* FriendsProtocols.swift */ = {isa = PBXFileReference; lastKnownFileType = sourcecode.swift; path = FriendsProtocols.swift; sourceTree = "<group>"; };
		2365854923D735DC0045A07B /* FriendsInteractor.swift */ = {isa = PBXFileReference; lastKnownFileType = sourcecode.swift; path = FriendsInteractor.swift; sourceTree = "<group>"; };
		2365855623D743380045A07B /* Kingfisher.framework */ = {isa = PBXFileReference; lastKnownFileType = wrapper.framework; name = Kingfisher.framework; path = Carthage/Build/iOS/Kingfisher.framework; sourceTree = "<group>"; };
		2365855723D743380045A07B /* KingfisherSwiftUI.framework */ = {isa = PBXFileReference; lastKnownFileType = wrapper.framework; name = KingfisherSwiftUI.framework; path = Carthage/Build/iOS/KingfisherSwiftUI.framework; sourceTree = "<group>"; };
		2366459B23EC1BBC00288D49 /* Group.swift */ = {isa = PBXFileReference; lastKnownFileType = sourcecode.swift; path = Group.swift; sourceTree = "<group>"; };
		2366459D23EC209500288D49 /* Chat.swift */ = {isa = PBXFileReference; lastKnownFileType = sourcecode.swift; path = Chat.swift; sourceTree = "<group>"; };
		2366BB56242A5FA200D16EC4 /* Realm.swift */ = {isa = PBXFileReference; lastKnownFileType = sourcecode.swift; path = Realm.swift; sourceTree = "<group>"; };
		237AA34823E427F4006B50EB /* Attachments.swift */ = {isa = PBXFileReference; lastKnownFileType = sourcecode.swift; path = Attachments.swift; sourceTree = "<group>"; };
		237AA34A23E4B2BE006B50EB /* ForceTouchGestureRecognizer.swift */ = {isa = PBXFileReference; lastKnownFileType = sourcecode.swift; path = ForceTouchGestureRecognizer.swift; sourceTree = "<group>"; };
		2383B19823DB384B007D7D76 /* BaseViewController.swift */ = {isa = PBXFileReference; lastKnownFileType = sourcecode.swift; path = BaseViewController.swift; sourceTree = "<group>"; };
		2383B19C23DB3B61007D7D76 /* error.png */ = {isa = PBXFileReference; lastKnownFileType = image.png; path = error.png; sourceTree = "<group>"; };
		2383B19D23DB3B61007D7D76 /* error_image.png */ = {isa = PBXFileReference; lastKnownFileType = image.png; path = error_image.png; sourceTree = "<group>"; };
		2383B23823DB5529007D7D76 /* ErrorView.swift */ = {isa = PBXFileReference; lastKnownFileType = sourcecode.swift; path = ErrorView.swift; sourceTree = "<group>"; };
		2383B23C23DB5E87007D7D76 /* PureLayout.framework */ = {isa = PBXFileReference; lastKnownFileType = wrapper.framework; name = PureLayout.framework; path = Carthage/Build/iOS/PureLayout.framework; sourceTree = "<group>"; };
		2383B23F23DB6AB1007D7D76 /* golovakrug.gif */ = {isa = PBXFileReference; lastKnownFileType = image.gif; path = golovakrug.gif; sourceTree = "<group>"; };
		2383B24123DB6B6A007D7D76 /* online.png */ = {isa = PBXFileReference; lastKnownFileType = image.png; path = online.png; sourceTree = "<group>"; };
		2384E7CD23E1DE3E00F218D5 /* delete-empty-outline.png */ = {isa = PBXFileReference; lastKnownFileType = image.png; path = "delete-empty-outline.png"; sourceTree = "<group>"; };
		2384E7CE23E1DE3E00F218D5 /* message-outline.png */ = {isa = PBXFileReference; lastKnownFileType = image.png; path = "message-outline.png"; sourceTree = "<group>"; };
		2397947A23E2D379005E548E /* newspaper-variant-outline.png */ = {isa = PBXFileReference; lastKnownFileType = image.png; path = "newspaper-variant-outline.png"; sourceTree = "<group>"; };
		2397947B23E2D37A005E548E /* bell-outline.png */ = {isa = PBXFileReference; lastKnownFileType = image.png; path = "bell-outline.png"; sourceTree = "<group>"; };
		2397947C23E2D37A005E548E /* magnify.png */ = {isa = PBXFileReference; lastKnownFileType = image.png; path = magnify.png; sourceTree = "<group>"; };
		2397948023E2D4F1005E548E /* TabBarStartController.swift */ = {isa = PBXFileReference; lastKnownFileType = sourcecode.swift; path = TabBarStartController.swift; sourceTree = "<group>"; };
		2397948323E2E5E3005E548E /* MessagesPresenter.swift */ = {isa = PBXFileReference; lastKnownFileType = sourcecode.swift; path = MessagesPresenter.swift; sourceTree = "<group>"; };
		2397948423E2E5E3005E548E /* MessagesRouter.swift */ = {isa = PBXFileReference; lastKnownFileType = sourcecode.swift; path = MessagesRouter.swift; sourceTree = "<group>"; };
		2397948523E2E5E3005E548E /* MessagesViewController.swift */ = {isa = PBXFileReference; lastKnownFileType = sourcecode.swift; path = MessagesViewController.swift; sourceTree = "<group>"; };
		2397948623E2E5E3005E548E /* MessagesProtocols.swift */ = {isa = PBXFileReference; lastKnownFileType = sourcecode.swift; path = MessagesProtocols.swift; sourceTree = "<group>"; };
		2397948723E2E5E3005E548E /* MessagesInteractor.swift */ = {isa = PBXFileReference; lastKnownFileType = sourcecode.swift; path = MessagesInteractor.swift; sourceTree = "<group>"; };
		2397949123E2E96A005E548E /* LastMessage.swift */ = {isa = PBXFileReference; lastKnownFileType = sourcecode.swift; path = LastMessage.swift; sourceTree = "<group>"; };
		2397949323E2E97C005E548E /* Conversation.swift */ = {isa = PBXFileReference; lastKnownFileType = sourcecode.swift; path = Conversation.swift; sourceTree = "<group>"; };
		2397949923E2EA0A005E548E /* Peer.swift */ = {isa = PBXFileReference; lastKnownFileType = sourcecode.swift; path = Peer.swift; sourceTree = "<group>"; };
		2397949B23E2EA9F005E548E /* Writing.swift */ = {isa = PBXFileReference; lastKnownFileType = sourcecode.swift; path = Writing.swift; sourceTree = "<group>"; };
		2397949D23E2EB0A005E548E /* ChatSettings.swift */ = {isa = PBXFileReference; lastKnownFileType = sourcecode.swift; path = ChatSettings.swift; sourceTree = "<group>"; };
		2397949F23E2F174005E548E /* MessageViewCell.swift */ = {isa = PBXFileReference; lastKnownFileType = sourcecode.swift; path = MessageViewCell.swift; sourceTree = "<group>"; };
		239794A023E2F174005E548E /* MessageViewCell.xib */ = {isa = PBXFileReference; lastKnownFileType = file.xib; path = MessageViewCell.xib; sourceTree = "<group>"; };
		2397AF1723E08B65007EAEDE /* account-outline.png */ = {isa = PBXFileReference; lastKnownFileType = image.png; path = "account-outline.png"; sourceTree = "<group>"; };
		2397AF1923E08BBF007EAEDE /* briefcase-outline.png */ = {isa = PBXFileReference; lastKnownFileType = image.png; path = "briefcase-outline.png"; sourceTree = "<group>"; };
		2397AF1B23E08C47007EAEDE /* signal-variant.png */ = {isa = PBXFileReference; lastKnownFileType = image.png; path = "signal-variant.png"; sourceTree = "<group>"; };
		2397AF1C23E08C47007EAEDE /* information-outline.png */ = {isa = PBXFileReference; lastKnownFileType = image.png; path = "information-outline.png"; sourceTree = "<group>"; };
		2397AF1F23E0952C007EAEDE /* Counters.swift */ = {isa = PBXFileReference; lastKnownFileType = sourcecode.swift; path = Counters.swift; sourceTree = "<group>"; };
		2397AF2123E09D1C007EAEDE /* card-search-outline.png */ = {isa = PBXFileReference; lastKnownFileType = image.png; path = "card-search-outline.png"; sourceTree = "<group>"; };
		2397AF2523E0A544007EAEDE /* PhotoViewCell.swift */ = {isa = PBXFileReference; lastKnownFileType = sourcecode.swift; path = PhotoViewCell.swift; sourceTree = "<group>"; };
		2397AF2623E0A544007EAEDE /* PhotoViewCell.xib */ = {isa = PBXFileReference; lastKnownFileType = file.xib; path = PhotoViewCell.xib; sourceTree = "<group>"; };
		2397AF2923E0A628007EAEDE /* Photo.swift */ = {isa = PBXFileReference; lastKnownFileType = sourcecode.swift; path = Photo.swift; sourceTree = "<group>"; };
		2397AF2B23E0ACD0007EAEDE /* Sizes.swift */ = {isa = PBXFileReference; lastKnownFileType = sourcecode.swift; path = Sizes.swift; sourceTree = "<group>"; };
		239E0E5B23DC295700047395 /* UIImage.swift */ = {isa = PBXFileReference; lastKnownFileType = sourcecode.swift; path = UIImage.swift; sourceTree = "<group>"; };
		239E0E5D23DC2B0C00047395 /* LoadingView.swift */ = {isa = PBXFileReference; lastKnownFileType = sourcecode.swift; path = LoadingView.swift; sourceTree = "<group>"; };
		23A2A32D23D5B5830060E76D /* VK Exteded.app */ = {isa = PBXFileReference; explicitFileType = wrapper.application; includeInIndex = 0; path = "VK Exteded.app"; sourceTree = BUILT_PRODUCTS_DIR; };
		23A2A33023D5B5840060E76D /* AppDelegate.swift */ = {isa = PBXFileReference; lastKnownFileType = sourcecode.swift; path = AppDelegate.swift; sourceTree = "<group>"; };
		23A2A33223D5B5840060E76D /* SceneDelegate.swift */ = {isa = PBXFileReference; lastKnownFileType = sourcecode.swift; path = SceneDelegate.swift; sourceTree = "<group>"; };
		23A2A33723D5B5840060E76D /* Base */ = {isa = PBXFileReference; lastKnownFileType = file.storyboard; name = Base; path = Base.lproj/Main.storyboard; sourceTree = "<group>"; };
		23A2A33923D5B5850060E76D /* Assets.xcassets */ = {isa = PBXFileReference; lastKnownFileType = folder.assetcatalog; path = Assets.xcassets; sourceTree = "<group>"; };
		23A2A33C23D5B5850060E76D /* Base */ = {isa = PBXFileReference; lastKnownFileType = file.storyboard; name = Base; path = Base.lproj/LaunchScreen.storyboard; sourceTree = "<group>"; };
		23A2A33E23D5B5850060E76D /* Info.plist */ = {isa = PBXFileReference; lastKnownFileType = text.plist.xml; path = Info.plist; sourceTree = "<group>"; };
		23A2A35323D5C8D90060E76D /* Alamofire.framework */ = {isa = PBXFileReference; lastKnownFileType = wrapper.framework; name = Alamofire.framework; path = Carthage/Build/iOS/Alamofire.framework; sourceTree = "<group>"; };
		23A2A35423D5C8D90060E76D /* SwiftyVK.framework */ = {isa = PBXFileReference; lastKnownFileType = wrapper.framework; name = SwiftyVK.framework; path = Carthage/Build/iOS/SwiftyVK.framework; sourceTree = "<group>"; };
		23A2A35523D5C8D90060E76D /* SwiftyJSON.framework */ = {isa = PBXFileReference; lastKnownFileType = wrapper.framework; name = SwiftyJSON.framework; path = Carthage/Build/iOS/SwiftyJSON.framework; sourceTree = "<group>"; };
		23A2A36223D5DA930060E76D /* VKDelegate.swift */ = {isa = PBXFileReference; lastKnownFileType = sourcecode.swift; path = VKDelegate.swift; sourceTree = "<group>"; };
		23A2A36423D5DB270060E76D /* VKConstants.swift */ = {isa = PBXFileReference; lastKnownFileType = sourcecode.swift; path = VKConstants.swift; sourceTree = "<group>"; };
		23A2A36723D5E07F0060E76D /* ApiV1.swift */ = {isa = PBXFileReference; lastKnownFileType = sourcecode.swift; path = ApiV1.swift; sourceTree = "<group>"; };
		23A2A36B23D5E2500060E76D /* ViewController.swift */ = {isa = PBXFileReference; fileEncoding = 4; lastKnownFileType = sourcecode.swift; path = ViewController.swift; sourceTree = "<group>"; };
		23A2A36E23D5EFB30060E76D /* UIToaster.swift */ = {isa = PBXFileReference; lastKnownFileType = sourcecode.swift; path = UIToaster.swift; sourceTree = "<group>"; };
		23A2A37023D5F5F80060E76D /* Colors.swift */ = {isa = PBXFileReference; lastKnownFileType = sourcecode.swift; path = Colors.swift; sourceTree = "<group>"; };
		23A2A37323D5FA1A0060E76D /* String.swift */ = {isa = PBXFileReference; lastKnownFileType = sourcecode.swift; path = String.swift; sourceTree = "<group>"; };
		23A2A37723D5FF640060E76D /* Lato-BoldItalic.ttf */ = {isa = PBXFileReference; lastKnownFileType = file; path = "Lato-BoldItalic.ttf"; sourceTree = "<group>"; };
		23A2A37823D5FF640060E76D /* Lato-BlackItalic.ttf */ = {isa = PBXFileReference; lastKnownFileType = file; path = "Lato-BlackItalic.ttf"; sourceTree = "<group>"; };
		23A2A37923D5FF640060E76D /* Lato-HairlineItalic.ttf */ = {isa = PBXFileReference; lastKnownFileType = file; path = "Lato-HairlineItalic.ttf"; sourceTree = "<group>"; };
		23A2A37A23D5FF640060E76D /* Lato-ThinItalic.ttf */ = {isa = PBXFileReference; lastKnownFileType = file; path = "Lato-ThinItalic.ttf"; sourceTree = "<group>"; };
		23A2A37B23D5FF640060E76D /* Lato-HeavyItalic.ttf */ = {isa = PBXFileReference; lastKnownFileType = file; path = "Lato-HeavyItalic.ttf"; sourceTree = "<group>"; };
		23A2A37C23D5FF640060E76D /* Lato-Heavy.ttf */ = {isa = PBXFileReference; lastKnownFileType = file; path = "Lato-Heavy.ttf"; sourceTree = "<group>"; };
		23A2A37D23D5FF640060E76D /* Lato-Medium.ttf */ = {isa = PBXFileReference; lastKnownFileType = file; path = "Lato-Medium.ttf"; sourceTree = "<group>"; };
		23A2A37E23D5FF640060E76D /* Lato-Hairline.ttf */ = {isa = PBXFileReference; lastKnownFileType = file; path = "Lato-Hairline.ttf"; sourceTree = "<group>"; };
		23A2A37F23D5FF640060E76D /* Lato-Semibold.ttf */ = {isa = PBXFileReference; lastKnownFileType = file; path = "Lato-Semibold.ttf"; sourceTree = "<group>"; };
		23A2A38023D5FF640060E76D /* Lato-MediumItalic.ttf */ = {isa = PBXFileReference; lastKnownFileType = file; path = "Lato-MediumItalic.ttf"; sourceTree = "<group>"; };
		23A2A38123D5FF640060E76D /* Lato-LightItalic.ttf */ = {isa = PBXFileReference; lastKnownFileType = file; path = "Lato-LightItalic.ttf"; sourceTree = "<group>"; };
		23A2A38223D5FF640060E76D /* Lato-SemiboldItalic.ttf */ = {isa = PBXFileReference; lastKnownFileType = file; path = "Lato-SemiboldItalic.ttf"; sourceTree = "<group>"; };
		23A2A38323D5FF640060E76D /* Lato-Thin.ttf */ = {isa = PBXFileReference; lastKnownFileType = file; path = "Lato-Thin.ttf"; sourceTree = "<group>"; };
		23A2A38423D5FF640060E76D /* Lato-Black.ttf */ = {isa = PBXFileReference; lastKnownFileType = file; path = "Lato-Black.ttf"; sourceTree = "<group>"; };
		23A2A38523D5FF640060E76D /* Lato-Light.ttf */ = {isa = PBXFileReference; lastKnownFileType = file; path = "Lato-Light.ttf"; sourceTree = "<group>"; };
		23A2A38623D5FF640060E76D /* Lato-Regular.ttf */ = {isa = PBXFileReference; lastKnownFileType = file; path = "Lato-Regular.ttf"; sourceTree = "<group>"; };
		23A2A38723D5FF640060E76D /* Lato-Bold.ttf */ = {isa = PBXFileReference; lastKnownFileType = file; path = "Lato-Bold.ttf"; sourceTree = "<group>"; };
		23A2A38823D5FF640060E76D /* Lato-Italic.ttf */ = {isa = PBXFileReference; lastKnownFileType = file; path = "Lato-Italic.ttf"; sourceTree = "<group>"; };
		23A2A3AD23D607270060E76D /* NotificationName.swift */ = {isa = PBXFileReference; lastKnownFileType = sourcecode.swift; path = NotificationName.swift; sourceTree = "<group>"; };
		23A2A3AF23D614D90060E76D /* ReachabilityDetect.swift */ = {isa = PBXFileReference; lastKnownFileType = sourcecode.swift; path = ReachabilityDetect.swift; sourceTree = "<group>"; };
		23A2A3B323D61DCE0060E76D /* PopupViewController.swift */ = {isa = PBXFileReference; lastKnownFileType = sourcecode.swift; path = PopupViewController.swift; sourceTree = "<group>"; };
		23A2A3C723D61EE80060E76D /* BottomPopupPresentAnimator.swift */ = {isa = PBXFileReference; fileEncoding = 4; lastKnownFileType = sourcecode.swift; path = BottomPopupPresentAnimator.swift; sourceTree = "<group>"; };
		23A2A3C823D61EE80060E76D /* BottomPopupViewController.swift */ = {isa = PBXFileReference; fileEncoding = 4; lastKnownFileType = sourcecode.swift; path = BottomPopupViewController.swift; sourceTree = "<group>"; };
		23A2A3C923D61EE80060E76D /* BottomPopupDismissInteractionController.swift */ = {isa = PBXFileReference; fileEncoding = 4; lastKnownFileType = sourcecode.swift; path = BottomPopupDismissInteractionController.swift; sourceTree = "<group>"; };
		23A2A3CA23D61EE80060E76D /* BottomPopupDismissAnimator.swift */ = {isa = PBXFileReference; fileEncoding = 4; lastKnownFileType = sourcecode.swift; path = BottomPopupDismissAnimator.swift; sourceTree = "<group>"; };
		23A2A3CB23D61EE80060E76D /* BottomPopupUtils.swift */ = {isa = PBXFileReference; fileEncoding = 4; lastKnownFileType = sourcecode.swift; path = BottomPopupUtils.swift; sourceTree = "<group>"; };
		23A2A3CC23D61EE90060E76D /* BottomPopupNavigationController.swift */ = {isa = PBXFileReference; fileEncoding = 4; lastKnownFileType = sourcecode.swift; path = BottomPopupNavigationController.swift; sourceTree = "<group>"; };
		23A2A3CD23D61EE90060E76D /* BottomPopupTransitionHandler.swift */ = {isa = PBXFileReference; fileEncoding = 4; lastKnownFileType = sourcecode.swift; path = BottomPopupTransitionHandler.swift; sourceTree = "<group>"; };
		23A2A3CE23D61EE90060E76D /* BottomPopupPresentationController.swift */ = {isa = PBXFileReference; fileEncoding = 4; lastKnownFileType = sourcecode.swift; path = BottomPopupPresentationController.swift; sourceTree = "<group>"; };
		23A335AB23DEB62E00270FED /* back.png */ = {isa = PBXFileReference; lastKnownFileType = image.png; path = back.png; sourceTree = "<group>"; };
		23A335AF23DEBF9A00270FED /* logout.png */ = {isa = PBXFileReference; lastKnownFileType = image.png; path = logout.png; sourceTree = "<group>"; };
		23A335C723DF415D00270FED /* SearchTableView.swift */ = {isa = PBXFileReference; lastKnownFileType = sourcecode.swift; path = SearchTableView.swift; sourceTree = "<group>"; };
		23A335C923DF471E00270FED /* UISearchBar.swift */ = {isa = PBXFileReference; lastKnownFileType = sourcecode.swift; path = UISearchBar.swift; sourceTree = "<group>"; };
		23B5BE3523D848C00038870C /* ApiFields.swift */ = {isa = PBXFileReference; lastKnownFileType = sourcecode.swift; path = ApiFields.swift; sourceTree = "<group>"; };
		23B97E54242BA47C001B60D5 /* Motion.framework */ = {isa = PBXFileReference; lastKnownFileType = wrapper.framework; name = Motion.framework; path = Carthage/Build/iOS/Motion.framework; sourceTree = "<group>"; };
		23B97E55242BA47C001B60D5 /* Material.framework */ = {isa = PBXFileReference; lastKnownFileType = wrapper.framework; name = Material.framework; path = Carthage/Build/iOS/Material.framework; sourceTree = "<group>"; };
		23BB969123D9E06C006A659C /* UIViewController.swift */ = {isa = PBXFileReference; lastKnownFileType = sourcecode.swift; path = UIViewController.swift; sourceTree = "<group>"; };
		23BB969323DA014A006A659C /* CompletionHandlers.swift */ = {isa = PBXFileReference; lastKnownFileType = sourcecode.swift; path = CompletionHandlers.swift; sourceTree = "<group>"; };
		23C2C42123D87F4C008A3C6F /* PlaceholderCell.swift */ = {isa = PBXFileReference; lastKnownFileType = sourcecode.swift; path = PlaceholderCell.swift; sourceTree = "<group>"; };
		23C2C42223D87F4C008A3C6F /* PlaceholderCell.xib */ = {isa = PBXFileReference; lastKnownFileType = file.xib; path = PlaceholderCell.xib; sourceTree = "<group>"; };
		23C2C42523D88446008A3C6F /* Date.swift */ = {isa = PBXFileReference; lastKnownFileType = sourcecode.swift; path = Date.swift; sourceTree = "<group>"; };
		23CE2DC523E583BE00C330AB /* apple-online.png */ = {isa = PBXFileReference; lastKnownFileType = image.png; path = "apple-online.png"; sourceTree = "<group>"; };
		23CE2DC623E583BE00C330AB /* windows-online.png */ = {isa = PBXFileReference; lastKnownFileType = image.png; path = "windows-online.png"; sourceTree = "<group>"; };
		23CE2DC723E583BF00C330AB /* android-online.png */ = {isa = PBXFileReference; lastKnownFileType = image.png; path = "android-online.png"; sourceTree = "<group>"; };
		23CE2DCB23E5879800C330AB /* mobile-online.png */ = {isa = PBXFileReference; lastKnownFileType = image.png; path = "mobile-online.png"; sourceTree = "<group>"; };
		23CE2DCD23E587BB00C330AB /* LastSeen.swift */ = {isa = PBXFileReference; lastKnownFileType = sourcecode.swift; path = LastSeen.swift; sourceTree = "<group>"; };
		23CE2DCF23E58C0700C330AB /* online-pc.png */ = {isa = PBXFileReference; lastKnownFileType = image.png; path = "online-pc.png"; sourceTree = "<group>"; };
		23CE2DD223E58E5900C330AB /* DialogPresenter.swift */ = {isa = PBXFileReference; lastKnownFileType = sourcecode.swift; path = DialogPresenter.swift; sourceTree = "<group>"; };
		23CE2DD323E58E5900C330AB /* DialogRouter.swift */ = {isa = PBXFileReference; lastKnownFileType = sourcecode.swift; path = DialogRouter.swift; sourceTree = "<group>"; };
		23CE2DD423E58E5900C330AB /* DialogViewController.swift */ = {isa = PBXFileReference; lastKnownFileType = sourcecode.swift; path = DialogViewController.swift; sourceTree = "<group>"; };
		23CE2DD523E58E5900C330AB /* DialogProtocols.swift */ = {isa = PBXFileReference; lastKnownFileType = sourcecode.swift; path = DialogProtocols.swift; sourceTree = "<group>"; };
		23CE2DD623E58E5900C330AB /* DialogInteractor.swift */ = {isa = PBXFileReference; lastKnownFileType = sourcecode.swift; path = DialogInteractor.swift; sourceTree = "<group>"; };
		23CE2DDF23E5906A00C330AB /* attach.png */ = {isa = PBXFileReference; lastKnownFileType = image.png; path = attach.png; sourceTree = "<group>"; };
		23CE2DE023E5906B00C330AB /* send.png */ = {isa = PBXFileReference; lastKnownFileType = image.png; path = send.png; sourceTree = "<group>"; };
		23CE2DE323E5ACF400C330AB /* KeyboardFrameTracker.swift */ = {isa = PBXFileReference; lastKnownFileType = sourcecode.swift; path = KeyboardFrameTracker.swift; sourceTree = "<group>"; };
		23CE2DE523E5C63500C330AB /* InMessageCell.swift */ = {isa = PBXFileReference; lastKnownFileType = sourcecode.swift; path = InMessageCell.swift; sourceTree = "<group>"; };
		23CE2DE623E5C63500C330AB /* InMessageCell.xib */ = {isa = PBXFileReference; lastKnownFileType = file.xib; path = InMessageCell.xib; sourceTree = "<group>"; };
		23CE2DEA23E5CDB600C330AB /* DialogMessageModel.swift */ = {isa = PBXFileReference; lastKnownFileType = sourcecode.swift; path = DialogMessageModel.swift; sourceTree = "<group>"; };
		23CE2DEC23E5DA6F00C330AB /* OutMessageCell.swift */ = {isa = PBXFileReference; lastKnownFileType = sourcecode.swift; path = OutMessageCell.swift; sourceTree = "<group>"; };
		23CE2DED23E5DA6F00C330AB /* OutMessageCell.xib */ = {isa = PBXFileReference; lastKnownFileType = file.xib; path = OutMessageCell.xib; sourceTree = "<group>"; };
		23CE2DF023E5E5FE00C330AB /* UITextView.swift */ = {isa = PBXFileReference; lastKnownFileType = sourcecode.swift; path = UITextView.swift; sourceTree = "<group>"; };
		23D6296423E6C376005704BA /* DBConversation.swift */ = {isa = PBXFileReference; lastKnownFileType = sourcecode.swift; path = DBConversation.swift; sourceTree = "<group>"; };
		23EDF64B23DC303300D7BEAB /* FLAnimatedImage.framework */ = {isa = PBXFileReference; lastKnownFileType = wrapper.framework; name = FLAnimatedImage.framework; path = Carthage/Build/iOS/FLAnimatedImage.framework; sourceTree = "<group>"; };
		23EDF65523DC4F6F00D7BEAB /* osmotr.gif */ = {isa = PBXFileReference; lastKnownFileType = image.gif; path = osmotr.gif; sourceTree = "<group>"; };
		23EDF65623DC4F6F00D7BEAB /* prigi.gif */ = {isa = PBXFileReference; lastKnownFileType = image.gif; path = prigi.gif; sourceTree = "<group>"; };
		23EDF65923DC516900D7BEAB /* UINavigationBar.swift */ = {isa = PBXFileReference; lastKnownFileType = sourcecode.swift; path = UINavigationBar.swift; sourceTree = "<group>"; };
		23F2FB59242F6B5700DCCD3C /* TextInputContainer.swift */ = {isa = PBXFileReference; fileEncoding = 4; lastKnownFileType = sourcecode.swift; path = TextInputContainer.swift; sourceTree = "<group>"; };
		23F2FB5A242F6B5700DCCD3C /* TableViewFooter.swift */ = {isa = PBXFileReference; fileEncoding = 4; lastKnownFileType = sourcecode.swift; path = TableViewFooter.swift; sourceTree = "<group>"; };
		23F2FB5E242F75E400DCCD3C /* BubbleTabBar.swift */ = {isa = PBXFileReference; fileEncoding = 4; lastKnownFileType = sourcecode.swift; path = BubbleTabBar.swift; sourceTree = "<group>"; };
		23F2FB5F242F75E400DCCD3C /* BubbleTabBarController.swift */ = {isa = PBXFileReference; fileEncoding = 4; lastKnownFileType = sourcecode.swift; path = BubbleTabBarController.swift; sourceTree = "<group>"; };
		23F2FB60242F75E400DCCD3C /* CBTabBarButton.swift */ = {isa = PBXFileReference; fileEncoding = 4; lastKnownFileType = sourcecode.swift; path = CBTabBarButton.swift; sourceTree = "<group>"; };
		23F2FB64242F87FB00DCCD3C /* MenuCell.swift */ = {isa = PBXFileReference; lastKnownFileType = sourcecode.swift; path = MenuCell.swift; sourceTree = "<group>"; };
		23F2FB65242F87FB00DCCD3C /* MenuCell.xib */ = {isa = PBXFileReference; lastKnownFileType = file.xib; path = MenuCell.xib; sourceTree = "<group>"; };
		23FACC1323DC6B330021E569 /* SwiftyDefaults.swift */ = {isa = PBXFileReference; lastKnownFileType = sourcecode.swift; path = SwiftyDefaults.swift; sourceTree = "<group>"; };
		23FACC1823DC6C0D0021E569 /* UsersDefaults.swift */ = {isa = PBXFileReference; lastKnownFileType = sourcecode.swift; path = UsersDefaults.swift; sourceTree = "<group>"; };
		23FACC1A23DC6E4E0021E569 /* Profile.swift */ = {isa = PBXFileReference; lastKnownFileType = sourcecode.swift; path = Profile.swift; sourceTree = "<group>"; };
		23FACC2123DC7D5B0021E569 /* City.swift */ = {isa = PBXFileReference; fileEncoding = 4; lastKnownFileType = sourcecode.swift; path = City.swift; sourceTree = "<group>"; };
		23FACC2223DC7D5B0021E569 /* Country.swift */ = {isa = PBXFileReference; fileEncoding = 4; lastKnownFileType = sourcecode.swift; path = Country.swift; sourceTree = "<group>"; };
		23FACC2523DC95890021E569 /* Error.swift */ = {isa = PBXFileReference; lastKnownFileType = sourcecode.swift; path = Error.swift; sourceTree = "<group>"; };
		23FACC2723DCA6FE0021E569 /* UIColor.swift */ = {isa = PBXFileReference; lastKnownFileType = sourcecode.swift; path = UIColor.swift; sourceTree = "<group>"; };
		23FE15E823D8942D00A19990 /* LocalizationRU.swift */ = {isa = PBXFileReference; lastKnownFileType = sourcecode.swift; path = LocalizationRU.swift; sourceTree = "<group>"; };
		23FE15EB23D8A71C00A19990 /* ProfilePresenter.swift */ = {isa = PBXFileReference; lastKnownFileType = sourcecode.swift; path = ProfilePresenter.swift; sourceTree = "<group>"; };
		23FE15EC23D8A71C00A19990 /* ProfileRouter.swift */ = {isa = PBXFileReference; lastKnownFileType = sourcecode.swift; path = ProfileRouter.swift; sourceTree = "<group>"; };
		23FE15ED23D8A71C00A19990 /* ProfileViewController.swift */ = {isa = PBXFileReference; lastKnownFileType = sourcecode.swift; path = ProfileViewController.swift; sourceTree = "<group>"; };
		23FE15EE23D8A71C00A19990 /* ProfileProtocols.swift */ = {isa = PBXFileReference; lastKnownFileType = sourcecode.swift; path = ProfileProtocols.swift; sourceTree = "<group>"; };
		23FE15EF23D8A71C00A19990 /* ProfileInteractor.swift */ = {isa = PBXFileReference; lastKnownFileType = sourcecode.swift; path = ProfileInteractor.swift; sourceTree = "<group>"; };
		23FE15F723D8BD8F00A19990 /* User.swift */ = {isa = PBXFileReference; lastKnownFileType = sourcecode.swift; path = User.swift; sourceTree = "<group>"; };
/* End PBXFileReference section */

/* Begin PBXFrameworksBuildPhase section */
		23A2A32A23D5B5830060E76D /* Frameworks */ = {
			isa = PBXFrameworksBuildPhase;
			buildActionMask = 2147483647;
			files = (
				23A2A35623D5C8D90060E76D /* Alamofire.framework in Frameworks */,
				23EDF64C23DC303300D7BEAB /* FLAnimatedImage.framework in Frameworks */,
				23A2A35823D5C8D90060E76D /* SwiftyVK.framework in Frameworks */,
				2383B23D23DB5E87007D7D76 /* PureLayout.framework in Frameworks */,
				2365855923D743380045A07B /* Kingfisher.framework in Frameworks */,
				2324A10023D7585E004BC5EB /* Realm.framework in Frameworks */,
				23B97E56242BA47C001B60D5 /* Motion.framework in Frameworks */,
				23B97E58242BA47C001B60D5 /* Material.framework in Frameworks */,
				23A2A35A23D5C8D90060E76D /* SwiftyJSON.framework in Frameworks */,
				2324A10623D76A55004BC5EB /* RealmSwift.framework in Frameworks */,
				2365855B23D743380045A07B /* KingfisherSwiftUI.framework in Frameworks */,
			);
			runOnlyForDeploymentPostprocessing = 0;
		};
/* End PBXFrameworksBuildPhase section */

/* Begin PBXGroup section */
		2324A10223D75C94004BC5EB /* Models */ = {
			isa = PBXGroup;
			children = (
				2366459A23EC191500288D49 /* Group */,
				2397949823E2E9AF005E548E /* Friends */,
				2397949523E2E982005E548E /* Messages */,
				2397949623E2E995005E548E /* Profile */,
				2397949723E2E9A1005E548E /* User */,
			);
			path = Models;
			sourceTree = "<group>";
		};
		234290FE23E73B3E001E3848 /* Service */ = {
			isa = PBXGroup;
			children = (
			);
			path = Service;
			sourceTree = "<group>";
		};
		2364B7CC23D6DE4900419A5B /* Images */ = {
			isa = PBXGroup;
			children = (
				23CE2DDE23E5904E00C330AB /* Dialog */,
				23CE2DC423E583A500C330AB /* Online */,
				2397AF1623E08B3B007EAEDE /* Gif */,
				2397AF1523E08B36007EAEDE /* Common */,
				2397AF1423E08B2E007EAEDE /* Profile */,
			);
			path = Images;
			sourceTree = "<group>";
		};
		2364B7CF23D6E92100419A5B /* News */ = {
			isa = PBXGroup;
			children = (
				2365851A23D6E9710045A07B /* NewsPresenter.swift */,
				2365851B23D6E9710045A07B /* NewsRouter.swift */,
				2365851C23D6E9710045A07B /* NewsViewController.swift */,
				2365851D23D6E9710045A07B /* NewsProtocols.swift */,
				2365851E23D6E9710045A07B /* NewsInteractor.swift */,
			);
			path = News;
			sourceTree = "<group>";
		};
		2365852623D6E9B00045A07B /* Friends */ = {
			isa = PBXGroup;
			children = (
				2365853C23D731B40045A07B /* FriendsViewController.swift */,
				2365854623D735DC0045A07B /* FriendsPresenter.swift */,
				2365854723D735DC0045A07B /* FriendsRouter.swift */,
				2365854823D735DC0045A07B /* FriendsProtocols.swift */,
				2365854923D735DC0045A07B /* FriendsInteractor.swift */,
			);
			path = Friends;
			sourceTree = "<group>";
		};
		2365853523D72C0D0045A07B /* Cells */ = {
			isa = PBXGroup;
			children = (
				2365853623D72C3B0045A07B /* FriendCell.swift */,
				23C2C42123D87F4C008A3C6F /* PlaceholderCell.swift */,
				2397AF2523E0A544007EAEDE /* PhotoViewCell.swift */,
				2397949F23E2F174005E548E /* MessageViewCell.swift */,
				23CE2DE523E5C63500C330AB /* InMessageCell.swift */,
				23CE2DEC23E5DA6F00C330AB /* OutMessageCell.swift */,
				23F2FB64242F87FB00DCCD3C /* MenuCell.swift */,
			);
			path = Cells;
			sourceTree = "<group>";
		};
		2366459A23EC191500288D49 /* Group */ = {
			isa = PBXGroup;
			children = (
				2366459B23EC1BBC00288D49 /* Group.swift */,
			);
			path = Group;
			sourceTree = "<group>";
		};
		2383B1A023DB3EC7007D7D76 /* AdditionalControllers */ = {
			isa = PBXGroup;
			children = (
				2383B19823DB384B007D7D76 /* BaseViewController.swift */,
				23A2A36B23D5E2500060E76D /* ViewController.swift */,
				2397948023E2D4F1005E548E /* TabBarStartController.swift */,
			);
			path = AdditionalControllers;
			sourceTree = "<group>";
		};
		2383B23723DB5515007D7D76 /* Views */ = {
			isa = PBXGroup;
			children = (
				2383B23823DB5529007D7D76 /* ErrorView.swift */,
				239E0E5D23DC2B0C00047395 /* LoadingView.swift */,
				23F2FB5A242F6B5700DCCD3C /* TableViewFooter.swift */,
				23F2FB59242F6B5700DCCD3C /* TextInputContainer.swift */,
			);
			path = Views;
			sourceTree = "<group>";
		};
		2397947923E2C9DC005E548E /* Popups */ = {
			isa = PBXGroup;
			children = (
				23A2A3B323D61DCE0060E76D /* PopupViewController.swift */,
			);
			path = Popups;
			sourceTree = "<group>";
		};
		2397948223E2E590005E548E /* Messages */ = {
			isa = PBXGroup;
			children = (
				2397948323E2E5E3005E548E /* MessagesPresenter.swift */,
				2397948423E2E5E3005E548E /* MessagesRouter.swift */,
				2397948523E2E5E3005E548E /* MessagesViewController.swift */,
				2397948623E2E5E3005E548E /* MessagesProtocols.swift */,
				2397948723E2E5E3005E548E /* MessagesInteractor.swift */,
			);
			path = Messages;
			sourceTree = "<group>";
		};
		2397949523E2E982005E548E /* Messages */ = {
			isa = PBXGroup;
			children = (
				23CE2DE923E5CD6B00C330AB /* Dialog */,
				2397949D23E2EB0A005E548E /* ChatSettings.swift */,
				2397949323E2E97C005E548E /* Conversation.swift */,
				2397949123E2E96A005E548E /* LastMessage.swift */,
				2397949923E2EA0A005E548E /* Peer.swift */,
				2397949B23E2EA9F005E548E /* Writing.swift */,
				237AA34823E427F4006B50EB /* Attachments.swift */,
				2317185323E85C02001CC481 /* ConversationCore.swift */,
				2366459D23EC209500288D49 /* Chat.swift */,
			);
			path = Messages;
			sourceTree = "<group>";
		};
		2397949623E2E995005E548E /* Profile */ = {
			isa = PBXGroup;
			children = (
				23FACC1A23DC6E4E0021E569 /* Profile.swift */,
				2397AF2923E0A628007EAEDE /* Photo.swift */,
				2397AF2B23E0ACD0007EAEDE /* Sizes.swift */,
			);
			path = Profile;
			sourceTree = "<group>";
		};
		2397949723E2E9A1005E548E /* User */ = {
			isa = PBXGroup;
			children = (
				23FACC2123DC7D5B0021E569 /* City.swift */,
				2397AF1F23E0952C007EAEDE /* Counters.swift */,
				23FACC2223DC7D5B0021E569 /* Country.swift */,
				23FE15F723D8BD8F00A19990 /* User.swift */,
				23CE2DCD23E587BB00C330AB /* LastSeen.swift */,
			);
			path = User;
			sourceTree = "<group>";
		};
		2397949823E2E9AF005E548E /* Friends */ = {
			isa = PBXGroup;
			children = (
				2324A10323D75CAF004BC5EB /* Friend.swift */,
			);
			path = Friends;
			sourceTree = "<group>";
		};
		2397AF1423E08B2E007EAEDE /* Profile */ = {
			isa = PBXGroup;
			children = (
				2397AF1723E08B65007EAEDE /* account-outline.png */,
				2397AF1923E08BBF007EAEDE /* briefcase-outline.png */,
				2397AF1C23E08C47007EAEDE /* information-outline.png */,
				2397AF1B23E08C47007EAEDE /* signal-variant.png */,
				2397AF2123E09D1C007EAEDE /* card-search-outline.png */,
				23083ABB23E17AFF0056993A /* no-photo.png */,
			);
			path = Profile;
			sourceTree = "<group>";
		};
		2397AF1523E08B36007EAEDE /* Common */ = {
			isa = PBXGroup;
			children = (
				2364B7CD23D6DE6F00419A5B /* cross_icon.png */,
				2383B19D23DB3B61007D7D76 /* error_image.png */,
				2383B19C23DB3B61007D7D76 /* error.png */,
				2383B24123DB6B6A007D7D76 /* online.png */,
				23A335AB23DEB62E00270FED /* back.png */,
				23A335AF23DEBF9A00270FED /* logout.png */,
				2384E7CD23E1DE3E00F218D5 /* delete-empty-outline.png */,
				2384E7CE23E1DE3E00F218D5 /* message-outline.png */,
				2397947B23E2D37A005E548E /* bell-outline.png */,
				2397947C23E2D37A005E548E /* magnify.png */,
				2397947A23E2D379005E548E /* newspaper-variant-outline.png */,
			);
			path = Common;
			sourceTree = "<group>";
		};
		2397AF1623E08B3B007EAEDE /* Gif */ = {
			isa = PBXGroup;
			children = (
				2383B23F23DB6AB1007D7D76 /* golovakrug.gif */,
				23EDF65523DC4F6F00D7BEAB /* osmotr.gif */,
				23EDF65623DC4F6F00D7BEAB /* prigi.gif */,
			);
			path = Gif;
			sourceTree = "<group>";
		};
		23A2A32423D5B5830060E76D = {
			isa = PBXGroup;
			children = (
				23A2A32F23D5B5840060E76D /* VK Tosters */,
				23A2A32E23D5B5830060E76D /* Products */,
				23A2A35223D5C8D90060E76D /* Frameworks */,
			);
			sourceTree = "<group>";
		};
		23A2A32E23D5B5830060E76D /* Products */ = {
			isa = PBXGroup;
			children = (
				23A2A32D23D5B5830060E76D /* VK Exteded.app */,
			);
			name = Products;
			sourceTree = "<group>";
		};
		23A2A32F23D5B5840060E76D /* VK Tosters */ = {
			isa = PBXGroup;
			children = (
				234290FE23E73B3E001E3848 /* Service */,
				23A2A36623D5E0700060E76D /* Api */,
				2365853523D72C0D0045A07B /* Cells */,
				23A2A36123D5D0120060E76D /* Constants */,
				23D6296323E6C34F005704BA /* Databases */,
				23A2A35E23D5CFF80060E76D /* Delegates */,
				23A2A36D23D5EE610060E76D /* Helpers */,
				2324A10223D75C94004BC5EB /* Models */,
				23A2A35F23D5D0050060E76D /* Storyboards */,
				23A2A37523D5FF460060E76D /* UIElements */,
				2383B23723DB5515007D7D76 /* Views */,
				23A2A35D23D5CFF10060E76D /* ViewControllers */,
				2397947923E2C9DC005E548E /* Popups */,
				23A2A36023D5D00C0060E76D /* Xibs */,
				23A2A33923D5B5850060E76D /* Assets.xcassets */,
				23A2A33E23D5B5850060E76D /* Info.plist */,
			);
			path = "VK Tosters";
			sourceTree = SOURCE_ROOT;
		};
		23A2A35223D5C8D90060E76D /* Frameworks */ = {
			isa = PBXGroup;
			children = (
				23B97E55242BA47C001B60D5 /* Material.framework */,
				23B97E54242BA47C001B60D5 /* Motion.framework */,
				23EDF64B23DC303300D7BEAB /* FLAnimatedImage.framework */,
				2383B23C23DB5E87007D7D76 /* PureLayout.framework */,
				2324A10523D76A54004BC5EB /* RealmSwift.framework */,
				2324A0FF23D7585E004BC5EB /* Realm.framework */,
				2365855623D743380045A07B /* Kingfisher.framework */,
				2365855723D743380045A07B /* KingfisherSwiftUI.framework */,
				23A2A35323D5C8D90060E76D /* Alamofire.framework */,
				23A2A35523D5C8D90060E76D /* SwiftyJSON.framework */,
				23A2A35423D5C8D90060E76D /* SwiftyVK.framework */,
			);
			name = Frameworks;
			sourceTree = "<group>";
		};
		23A2A35D23D5CFF10060E76D /* ViewControllers */ = {
			isa = PBXGroup;
			children = (
				2383B1A023DB3EC7007D7D76 /* AdditionalControllers */,
				23A2A3B623D61EB20060E76D /* BottomPopupController */,
				23CE2DD123E58E4300C330AB /* Dialog */,
				2365852623D6E9B00045A07B /* Friends */,
				2397948223E2E590005E548E /* Messages */,
				2364B7CF23D6E92100419A5B /* News */,
				23FE15EA23D8A6EC00A19990 /* Profile */,
			);
			path = ViewControllers;
			sourceTree = "<group>";
		};
		23A2A35E23D5CFF80060E76D /* Delegates */ = {
			isa = PBXGroup;
			children = (
				23A2A33023D5B5840060E76D /* AppDelegate.swift */,
				23A2A33223D5B5840060E76D /* SceneDelegate.swift */,
				23A2A36223D5DA930060E76D /* VKDelegate.swift */,
			);
			path = Delegates;
			sourceTree = "<group>";
		};
		23A2A35F23D5D0050060E76D /* Storyboards */ = {
			isa = PBXGroup;
			children = (
				23A2A33623D5B5840060E76D /* Main.storyboard */,
				23A2A33B23D5B5850060E76D /* LaunchScreen.storyboard */,
			);
			path = Storyboards;
			sourceTree = "<group>";
		};
		23A2A36023D5D00C0060E76D /* Xibs */ = {
			isa = PBXGroup;
			children = (
				23F2FB65242F87FB00DCCD3C /* MenuCell.xib */,
				2336E83623DE022D00502286 /* FriendCell.xib */,
				23CE2DE623E5C63500C330AB /* InMessageCell.xib */,
				239794A023E2F174005E548E /* MessageViewCell.xib */,
				23CE2DED23E5DA6F00C330AB /* OutMessageCell.xib */,
				2397AF2623E0A544007EAEDE /* PhotoViewCell.xib */,
				23C2C42223D87F4C008A3C6F /* PlaceholderCell.xib */,
			);
			path = Xibs;
			sourceTree = "<group>";
		};
		23A2A36123D5D0120060E76D /* Constants */ = {
			isa = PBXGroup;
			children = (
				23A2A36423D5DB270060E76D /* VKConstants.swift */,
			);
			path = Constants;
			sourceTree = "<group>";
		};
		23A2A36623D5E0700060E76D /* Api */ = {
			isa = PBXGroup;
			children = (
				23A2A36723D5E07F0060E76D /* ApiV1.swift */,
				23B5BE3523D848C00038870C /* ApiFields.swift */,
			);
			path = Api;
			sourceTree = "<group>";
		};
		23A2A36D23D5EE610060E76D /* Helpers */ = {
			isa = PBXGroup;
			children = (
				23FACC1623DC6BDC0021E569 /* Classes */,
				23FACC1523DC6BCD0021E569 /* Defaults */,
				23A2A37223D5FA070060E76D /* Extensions */,
				23FACC1723DC6BE10021E569 /* Localizations */,
			);
			path = Helpers;
			sourceTree = "<group>";
		};
		23A2A37223D5FA070060E76D /* Extensions */ = {
			isa = PBXGroup;
			children = (
				23C2C42523D88446008A3C6F /* Date.swift */,
				23A2A37323D5FA1A0060E76D /* String.swift */,
				23FACC2723DCA6FE0021E569 /* UIColor.swift */,
				239E0E5B23DC295700047395 /* UIImage.swift */,
				23EDF65923DC516900D7BEAB /* UINavigationBar.swift */,
				23CE2DF023E5E5FE00C330AB /* UITextView.swift */,
				23A335C923DF471E00270FED /* UISearchBar.swift */,
				2365853323D705DE0045A07B /* UIView.swift */,
				23BB969123D9E06C006A659C /* UIViewController.swift */,
				2366BB56242A5FA200D16EC4 /* Realm.swift */,
			);
			path = Extensions;
			sourceTree = "<group>";
		};
		23A2A37523D5FF460060E76D /* UIElements */ = {
			isa = PBXGroup;
			children = (
				2364B7CC23D6DE4900419A5B /* Images */,
				23A2A37623D5FF530060E76D /* Fonts */,
			);
			path = UIElements;
			sourceTree = "<group>";
		};
		23A2A37623D5FF530060E76D /* Fonts */ = {
			isa = PBXGroup;
			children = (
				23A2A38423D5FF640060E76D /* Lato-Black.ttf */,
				23A2A37823D5FF640060E76D /* Lato-BlackItalic.ttf */,
				23A2A38723D5FF640060E76D /* Lato-Bold.ttf */,
				23A2A37723D5FF640060E76D /* Lato-BoldItalic.ttf */,
				23A2A37E23D5FF640060E76D /* Lato-Hairline.ttf */,
				23A2A37923D5FF640060E76D /* Lato-HairlineItalic.ttf */,
				23A2A37C23D5FF640060E76D /* Lato-Heavy.ttf */,
				23A2A37B23D5FF640060E76D /* Lato-HeavyItalic.ttf */,
				23A2A38823D5FF640060E76D /* Lato-Italic.ttf */,
				23A2A38523D5FF640060E76D /* Lato-Light.ttf */,
				23A2A38123D5FF640060E76D /* Lato-LightItalic.ttf */,
				23A2A37D23D5FF640060E76D /* Lato-Medium.ttf */,
				23A2A38023D5FF640060E76D /* Lato-MediumItalic.ttf */,
				23A2A38623D5FF640060E76D /* Lato-Regular.ttf */,
				23A2A37F23D5FF640060E76D /* Lato-Semibold.ttf */,
				23A2A38223D5FF640060E76D /* Lato-SemiboldItalic.ttf */,
				23A2A38323D5FF640060E76D /* Lato-Thin.ttf */,
				23A2A37A23D5FF640060E76D /* Lato-ThinItalic.ttf */,
			);
			path = Fonts;
			sourceTree = "<group>";
		};
		23A2A3B623D61EB20060E76D /* BottomPopupController */ = {
			isa = PBXGroup;
			children = (
				23A2A3CA23D61EE80060E76D /* BottomPopupDismissAnimator.swift */,
				23A2A3C923D61EE80060E76D /* BottomPopupDismissInteractionController.swift */,
				23A2A3CC23D61EE90060E76D /* BottomPopupNavigationController.swift */,
				23A2A3C723D61EE80060E76D /* BottomPopupPresentAnimator.swift */,
				23A2A3CE23D61EE90060E76D /* BottomPopupPresentationController.swift */,
				23A2A3CD23D61EE90060E76D /* BottomPopupTransitionHandler.swift */,
				23A2A3CB23D61EE80060E76D /* BottomPopupUtils.swift */,
				23A2A3C823D61EE80060E76D /* BottomPopupViewController.swift */,
			);
			path = BottomPopupController;
			sourceTree = "<group>";
		};
		23CE2DC423E583A500C330AB /* Online */ = {
			isa = PBXGroup;
			children = (
				23CE2DC723E583BF00C330AB /* android-online.png */,
				23CE2DC523E583BE00C330AB /* apple-online.png */,
				23CE2DC623E583BE00C330AB /* windows-online.png */,
				23CE2DCB23E5879800C330AB /* mobile-online.png */,
				23CE2DCF23E58C0700C330AB /* online-pc.png */,
			);
			path = Online;
			sourceTree = "<group>";
		};
		23CE2DD123E58E4300C330AB /* Dialog */ = {
			isa = PBXGroup;
			children = (
				23CE2DD223E58E5900C330AB /* DialogPresenter.swift */,
				23CE2DD323E58E5900C330AB /* DialogRouter.swift */,
				23CE2DD423E58E5900C330AB /* DialogViewController.swift */,
				23CE2DD523E58E5900C330AB /* DialogProtocols.swift */,
				23CE2DD623E58E5900C330AB /* DialogInteractor.swift */,
			);
			path = Dialog;
			sourceTree = "<group>";
		};
		23CE2DDE23E5904E00C330AB /* Dialog */ = {
			isa = PBXGroup;
			children = (
				23CE2DDF23E5906A00C330AB /* attach.png */,
				23CE2DE023E5906B00C330AB /* send.png */,
			);
			path = Dialog;
			sourceTree = "<group>";
		};
		23CE2DE923E5CD6B00C330AB /* Dialog */ = {
			isa = PBXGroup;
			children = (
				23CE2DEA23E5CDB600C330AB /* DialogMessageModel.swift */,
			);
			path = Dialog;
			sourceTree = "<group>";
		};
		23D6296323E6C34F005704BA /* Databases */ = {
			isa = PBXGroup;
			children = (
				23D6296423E6C376005704BA /* DBConversation.swift */,
				234290FA23E711A0001E3848 /* DBInterlocutor.swift */,
			);
			path = Databases;
			sourceTree = "<group>";
		};
		23F2FB5D242F75E400DCCD3C /* BubbleTabBar */ = {
			isa = PBXGroup;
			children = (
				23F2FB5E242F75E400DCCD3C /* BubbleTabBar.swift */,
				23F2FB5F242F75E400DCCD3C /* BubbleTabBarController.swift */,
				23F2FB60242F75E400DCCD3C /* CBTabBarButton.swift */,
			);
			path = BubbleTabBar;
			sourceTree = "<group>";
		};
		23FACC1523DC6BCD0021E569 /* Defaults */ = {
			isa = PBXGroup;
			children = (
				23FACC1823DC6C0D0021E569 /* UsersDefaults.swift */,
			);
			path = Defaults;
			sourceTree = "<group>";
		};
		23FACC1623DC6BDC0021E569 /* Classes */ = {
			isa = PBXGroup;
			children = (
				23F2FB5D242F75E400DCCD3C /* BubbleTabBar */,
				23A2A36E23D5EFB30060E76D /* UIToaster.swift */,
				23A2A37023D5F5F80060E76D /* Colors.swift */,
				23A2A3AD23D607270060E76D /* NotificationName.swift */,
				23A2A3AF23D614D90060E76D /* ReachabilityDetect.swift */,
				23BB969323DA014A006A659C /* CompletionHandlers.swift */,
				23FACC1323DC6B330021E569 /* SwiftyDefaults.swift */,
				23FACC2523DC95890021E569 /* Error.swift */,
				23A335C723DF415D00270FED /* SearchTableView.swift */,
				237AA34A23E4B2BE006B50EB /* ForceTouchGestureRecognizer.swift */,
				23CE2DE323E5ACF400C330AB /* KeyboardFrameTracker.swift */,
			);
			path = Classes;
			sourceTree = "<group>";
		};
		23FACC1723DC6BE10021E569 /* Localizations */ = {
			isa = PBXGroup;
			children = (
				23FE15E823D8942D00A19990 /* LocalizationRU.swift */,
			);
			path = Localizations;
			sourceTree = "<group>";
		};
		23FE15EA23D8A6EC00A19990 /* Profile */ = {
			isa = PBXGroup;
			children = (
				23FE15EB23D8A71C00A19990 /* ProfilePresenter.swift */,
				23FE15EC23D8A71C00A19990 /* ProfileRouter.swift */,
				23FE15ED23D8A71C00A19990 /* ProfileViewController.swift */,
				23FE15EE23D8A71C00A19990 /* ProfileProtocols.swift */,
				23FE15EF23D8A71C00A19990 /* ProfileInteractor.swift */,
			);
			path = Profile;
			sourceTree = "<group>";
		};
/* End PBXGroup section */

/* Begin PBXNativeTarget section */
		23A2A32C23D5B5830060E76D /* VK Tosters */ = {
			isa = PBXNativeTarget;
			buildConfigurationList = 23A2A34123D5B5850060E76D /* Build configuration list for PBXNativeTarget "VK Tosters" */;
			buildPhases = (
				23A2A32923D5B5830060E76D /* Sources */,
				23A2A32A23D5B5830060E76D /* Frameworks */,
				23A2A32B23D5B5830060E76D /* Resources */,
				23A2A35C23D5C8D90060E76D /* Embed Frameworks */,
			);
			buildRules = (
			);
			dependencies = (
			);
			name = "VK Tosters";
			productName = "VK Tosters";
			productReference = 23A2A32D23D5B5830060E76D /* VK Exteded.app */;
			productType = "com.apple.product-type.application";
		};
/* End PBXNativeTarget section */

/* Begin PBXProject section */
		23A2A32523D5B5830060E76D /* Project object */ = {
			isa = PBXProject;
			attributes = {
				LastSwiftUpdateCheck = 1130;
				LastUpgradeCheck = 1130;
				ORGANIZATIONNAME = programmist_np;
				TargetAttributes = {
					23A2A32C23D5B5830060E76D = {
						CreatedOnToolsVersion = 11.3.1;
						LastSwiftMigration = 1130;
					};
				};
			};
			buildConfigurationList = 23A2A32823D5B5830060E76D /* Build configuration list for PBXProject "VK Tosters" */;
			compatibilityVersion = "Xcode 9.3";
			developmentRegion = en;
			hasScannedForEncodings = 0;
			knownRegions = (
				en,
				Base,
			);
			mainGroup = 23A2A32423D5B5830060E76D;
			productRefGroup = 23A2A32E23D5B5830060E76D /* Products */;
			projectDirPath = "";
			projectRoot = "";
			targets = (
				23A2A32C23D5B5830060E76D /* VK Tosters */,
			);
		};
/* End PBXProject section */

/* Begin PBXResourcesBuildPhase section */
		23A2A32B23D5B5830060E76D /* Resources */ = {
			isa = PBXResourcesBuildPhase;
			buildActionMask = 2147483647;
			files = (
				2397AF1823E08B65007EAEDE /* account-outline.png in Resources */,
				23A2A3A123D604820060E76D /* Lato-Heavy.ttf in Resources */,
				23F2FB67242F87FB00DCCD3C /* MenuCell.xib in Resources */,
				23CE2DC923E583BF00C330AB /* windows-online.png in Resources */,
				23EDF65723DC4F6F00D7BEAB /* osmotr.gif in Resources */,
				23A2A3AC23D604820060E76D /* Lato-ThinItalic.ttf in Resources */,
				23A2A3A423D604820060E76D /* Lato-Light.ttf in Resources */,
				2383B24023DB6AB2007D7D76 /* golovakrug.gif in Resources */,
				2397AF2823E0A544007EAEDE /* PhotoViewCell.xib in Resources */,
				23A2A39B23D604810060E76D /* Lato-Black.ttf in Resources */,
				23A2A39D23D604810060E76D /* Lato-Bold.ttf in Resources */,
				23A335B023DEBF9A00270FED /* logout.png in Resources */,
				23A2A33D23D5B5850060E76D /* LaunchScreen.storyboard in Resources */,
				23EDF65823DC4F6F00D7BEAB /* prigi.gif in Resources */,
				23A2A3A723D604820060E76D /* Lato-MediumItalic.ttf in Resources */,
				2397947F23E2D37A005E548E /* magnify.png in Resources */,
				23CE2DCA23E583BF00C330AB /* android-online.png in Resources */,
				2383B19F23DB3B61007D7D76 /* error_image.png in Resources */,
				2384E7D023E1DE3E00F218D5 /* message-outline.png in Resources */,
				2397AF2223E09D1C007EAEDE /* card-search-outline.png in Resources */,
				23A2A3AA23D604820060E76D /* Lato-SemiboldItalic.ttf in Resources */,
				2397947D23E2D37A005E548E /* newspaper-variant-outline.png in Resources */,
				2384E7CF23E1DE3E00F218D5 /* delete-empty-outline.png in Resources */,
				23A2A39C23D604810060E76D /* Lato-BlackItalic.ttf in Resources */,
				2364B7CE23D6DE6F00419A5B /* cross_icon.png in Resources */,
				23CE2DE823E5C63500C330AB /* InMessageCell.xib in Resources */,
				23A2A3A223D604820060E76D /* Lato-HeavyItalic.ttf in Resources */,
				2336E83723DE022D00502286 /* FriendCell.xib in Resources */,
				23CE2DE123E5906B00C330AB /* attach.png in Resources */,
				23CE2DC823E583BF00C330AB /* apple-online.png in Resources */,
				2383B24223DB6B6A007D7D76 /* online.png in Resources */,
				23A2A33A23D5B5850060E76D /* Assets.xcassets in Resources */,
				23A2A3A023D604810060E76D /* Lato-HairlineItalic.ttf in Resources */,
				23083ABC23E17AFF0056993A /* no-photo.png in Resources */,
				23C2C42423D87F4C008A3C6F /* PlaceholderCell.xib in Resources */,
				23A2A39E23D604810060E76D /* Lato-BoldItalic.ttf in Resources */,
				23A2A3A923D604820060E76D /* Lato-Semibold.ttf in Resources */,
				23A2A3A623D604820060E76D /* Lato-Medium.ttf in Resources */,
				23CE2DE223E5906B00C330AB /* send.png in Resources */,
				23A2A39F23D604810060E76D /* Lato-Hairline.ttf in Resources */,
				23A2A3A323D604820060E76D /* Lato-Italic.ttf in Resources */,
				23A2A33823D5B5840060E76D /* Main.storyboard in Resources */,
				2397AF1E23E08C47007EAEDE /* information-outline.png in Resources */,
				2397AF1A23E08BBF007EAEDE /* briefcase-outline.png in Resources */,
				2383B19E23DB3B61007D7D76 /* error.png in Resources */,
				23A2A3AB23D604820060E76D /* Lato-Thin.ttf in Resources */,
				23A335AC23DEB62E00270FED /* back.png in Resources */,
				2397947E23E2D37A005E548E /* bell-outline.png in Resources */,
				2397AF1D23E08C47007EAEDE /* signal-variant.png in Resources */,
				23A2A3A523D604820060E76D /* Lato-LightItalic.ttf in Resources */,
				23CE2DCC23E5879800C330AB /* mobile-online.png in Resources */,
				239794A223E2F174005E548E /* MessageViewCell.xib in Resources */,
				23CE2DD023E58C0700C330AB /* online-pc.png in Resources */,
				23A2A3A823D604820060E76D /* Lato-Regular.ttf in Resources */,
				23CE2DEF23E5DA6F00C330AB /* OutMessageCell.xib in Resources */,
			);
			runOnlyForDeploymentPostprocessing = 0;
		};
/* End PBXResourcesBuildPhase section */

/* Begin PBXSourcesBuildPhase section */
		23A2A32923D5B5830060E76D /* Sources */ = {
			isa = PBXSourcesBuildPhase;
			buildActionMask = 2147483647;
			files = (
				23A2A3D023D61EE90060E76D /* BottomPopupViewController.swift in Sources */,
				23F2FB62242F75E400DCCD3C /* BubbleTabBarController.swift in Sources */,
				23A2A33123D5B5840060E76D /* AppDelegate.swift in Sources */,
				23FACC2323DC7D5B0021E569 /* City.swift in Sources */,
				2365852223D6E9710045A07B /* NewsViewController.swift in Sources */,
				23CE2DEE23E5DA6F00C330AB /* OutMessageCell.swift in Sources */,
				2366BB57242A5FA200D16EC4 /* Realm.swift in Sources */,
				23FACC1423DC6B330021E569 /* SwiftyDefaults.swift in Sources */,
				23F2FB63242F75E400DCCD3C /* CBTabBarButton.swift in Sources */,
				23FACC1923DC6C0D0021E569 /* UsersDefaults.swift in Sources */,
				23B5BE3623D848C00038870C /* ApiFields.swift in Sources */,
				2365853823D72C3B0045A07B /* FriendCell.swift in Sources */,
				23A2A37123D5F5F80060E76D /* Colors.swift in Sources */,
				2397949C23E2EA9F005E548E /* Writing.swift in Sources */,
				23F2FB5B242F6B5800DCCD3C /* TextInputContainer.swift in Sources */,
				23A2A3CF23D61EE90060E76D /* BottomPopupPresentAnimator.swift in Sources */,
				23A2A3B423D61DCE0060E76D /* PopupViewController.swift in Sources */,
				23CE2DD923E58E5900C330AB /* DialogRouter.swift in Sources */,
				23A2A3D423D61EE90060E76D /* BottomPopupNavigationController.swift in Sources */,
				2365854C23D735DC0045A07B /* FriendsRouter.swift in Sources */,
				23A2A3D323D61EE90060E76D /* BottomPopupUtils.swift in Sources */,
				2365852423D6E9710045A07B /* NewsInteractor.swift in Sources */,
				2383B19A23DB384B007D7D76 /* BaseViewController.swift in Sources */,
				23A2A33323D5B5840060E76D /* SceneDelegate.swift in Sources */,
				23C2C42623D88446008A3C6F /* Date.swift in Sources */,
				237AA34B23E4B2BE006B50EB /* ForceTouchGestureRecognizer.swift in Sources */,
				2397AF2A23E0A628007EAEDE /* Photo.swift in Sources */,
				2397948A23E2E5E3005E548E /* MessagesRouter.swift in Sources */,
				2397949E23E2EB0A005E548E /* ChatSettings.swift in Sources */,
				2397AF2723E0A544007EAEDE /* PhotoViewCell.swift in Sources */,
				2397949223E2E96A005E548E /* LastMessage.swift in Sources */,
				23FACC2423DC7D5B0021E569 /* Country.swift in Sources */,
				23A2A3AE23D607270060E76D /* NotificationName.swift in Sources */,
				23C2C42323D87F4C008A3C6F /* PlaceholderCell.swift in Sources */,
				2365852023D6E9710045A07B /* NewsPresenter.swift in Sources */,
				2397948C23E2E5E3005E548E /* MessagesProtocols.swift in Sources */,
				23BB969423DA014A006A659C /* CompletionHandlers.swift in Sources */,
				23A2A36F23D5EFB30060E76D /* UIToaster.swift in Sources */,
				23CE2DE723E5C63500C330AB /* InMessageCell.swift in Sources */,
				23F2FB61242F75E400DCCD3C /* BubbleTabBar.swift in Sources */,
				2365852123D6E9710045A07B /* NewsRouter.swift in Sources */,
				23A2A36523D5DB270060E76D /* VKConstants.swift in Sources */,
				2365854223D731B40045A07B /* FriendsViewController.swift in Sources */,
				2397949423E2E97C005E548E /* Conversation.swift in Sources */,
				23A2A37423D5FA1A0060E76D /* String.swift in Sources */,
				23FE15F323D8A71C00A19990 /* ProfileViewController.swift in Sources */,
				23F2FB66242F87FB00DCCD3C /* MenuCell.swift in Sources */,
				23CE2DDA23E58E5900C330AB /* DialogViewController.swift in Sources */,
				237AA34923E427F4006B50EB /* Attachments.swift in Sources */,
				23CE2DD823E58E5900C330AB /* DialogPresenter.swift in Sources */,
				2365854D23D735DC0045A07B /* FriendsProtocols.swift in Sources */,
				23CE2DDC23E58E5900C330AB /* DialogInteractor.swift in Sources */,
				23A2A36C23D5E2500060E76D /* ViewController.swift in Sources */,
				239794A123E2F174005E548E /* MessageViewCell.swift in Sources */,
				2397948D23E2E5E3005E548E /* MessagesInteractor.swift in Sources */,
				2324A10423D75CAF004BC5EB /* Friend.swift in Sources */,
				23FACC1B23DC6E4E0021E569 /* Profile.swift in Sources */,
				2365852323D6E9710045A07B /* NewsProtocols.swift in Sources */,
				23EDF65A23DC516900D7BEAB /* UINavigationBar.swift in Sources */,
				2397948923E2E5E3005E548E /* MessagesPresenter.swift in Sources */,
				23A2A3D123D61EE90060E76D /* BottomPopupDismissInteractionController.swift in Sources */,
				2383B23923DB5529007D7D76 /* ErrorView.swift in Sources */,
				23D6296523E6C376005704BA /* DBConversation.swift in Sources */,
				23CE2DCE23E587BB00C330AB /* LastSeen.swift in Sources */,
				23FE15F223D8A71C00A19990 /* ProfileRouter.swift in Sources */,
				2366459C23EC1BBC00288D49 /* Group.swift in Sources */,
				2397AF2C23E0ACD0007EAEDE /* Sizes.swift in Sources */,
				2397948123E2D4F1005E548E /* TabBarStartController.swift in Sources */,
				2365854B23D735DC0045A07B /* FriendsPresenter.swift in Sources */,
				239E0E5C23DC295700047395 /* UIImage.swift in Sources */,
				23F2FB5C242F6B5800DCCD3C /* TableViewFooter.swift in Sources */,
				2317185423E85C02001CC481 /* ConversationCore.swift in Sources */,
				23FACC2623DC95890021E569 /* Error.swift in Sources */,
				2365854E23D735DC0045A07B /* FriendsInteractor.swift in Sources */,
				23CE2DEB23E5CDB600C330AB /* DialogMessageModel.swift in Sources */,
				23A335CA23DF471E00270FED /* UISearchBar.swift in Sources */,
				23FE15F423D8A71C00A19990 /* ProfileProtocols.swift in Sources */,
				23A2A3D523D61EE90060E76D /* BottomPopupTransitionHandler.swift in Sources */,
				23FE15F123D8A71C00A19990 /* ProfilePresenter.swift in Sources */,
				23CE2DDB23E58E5900C330AB /* DialogProtocols.swift in Sources */,
				23CE2DE423E5ACF400C330AB /* KeyboardFrameTracker.swift in Sources */,
				23CE2DF123E5E5FE00C330AB /* UITextView.swift in Sources */,
				23FE15F523D8A71C00A19990 /* ProfileInteractor.swift in Sources */,
				2366459E23EC209500288D49 /* Chat.swift in Sources */,
				2397948B23E2E5E3005E548E /* MessagesViewController.swift in Sources */,
				23FACC2823DCA6FE0021E569 /* UIColor.swift in Sources */,
				2365853423D705DE0045A07B /* UIView.swift in Sources */,
				2397AF2023E0952C007EAEDE /* Counters.swift in Sources */,
				2397949A23E2EA0A005E548E /* Peer.swift in Sources */,
				23A2A36323D5DA930060E76D /* VKDelegate.swift in Sources */,
				23A2A36823D5E07F0060E76D /* ApiV1.swift in Sources */,
				239E0E5E23DC2B0C00047395 /* LoadingView.swift in Sources */,
				23FE15E923D8942D00A19990 /* LocalizationRU.swift in Sources */,
				23A2A3D223D61EE90060E76D /* BottomPopupDismissAnimator.swift in Sources */,
				23BB969223D9E06C006A659C /* UIViewController.swift in Sources */,
				23A2A3B023D614D90060E76D /* ReachabilityDetect.swift in Sources */,
				234290FB23E711A0001E3848 /* DBInterlocutor.swift in Sources */,
				23A2A3D623D61EE90060E76D /* BottomPopupPresentationController.swift in Sources */,
				23A335C823DF415D00270FED /* SearchTableView.swift in Sources */,
				23FE15F823D8BD8F00A19990 /* User.swift in Sources */,
			);
			runOnlyForDeploymentPostprocessing = 0;
		};
/* End PBXSourcesBuildPhase section */

/* Begin PBXVariantGroup section */
		23A2A33623D5B5840060E76D /* Main.storyboard */ = {
			isa = PBXVariantGroup;
			children = (
				23A2A33723D5B5840060E76D /* Base */,
			);
			name = Main.storyboard;
			sourceTree = "<group>";
		};
		23A2A33B23D5B5850060E76D /* LaunchScreen.storyboard */ = {
			isa = PBXVariantGroup;
			children = (
				23A2A33C23D5B5850060E76D /* Base */,
			);
			name = LaunchScreen.storyboard;
			sourceTree = "<group>";
		};
/* End PBXVariantGroup section */

/* Begin XCBuildConfiguration section */
		23A2A33F23D5B5850060E76D /* Debug */ = {
			isa = XCBuildConfiguration;
			buildSettings = {
				ALWAYS_SEARCH_USER_PATHS = NO;
				CLANG_ANALYZER_NONNULL = YES;
				CLANG_ANALYZER_NUMBER_OBJECT_CONVERSION = YES_AGGRESSIVE;
				CLANG_CXX_LANGUAGE_STANDARD = "gnu++14";
				CLANG_CXX_LIBRARY = "libc++";
				CLANG_ENABLE_MODULES = YES;
				CLANG_ENABLE_OBJC_ARC = YES;
				CLANG_ENABLE_OBJC_WEAK = YES;
				CLANG_WARN_BLOCK_CAPTURE_AUTORELEASING = YES;
				CLANG_WARN_BOOL_CONVERSION = YES;
				CLANG_WARN_COMMA = YES;
				CLANG_WARN_CONSTANT_CONVERSION = YES;
				CLANG_WARN_DEPRECATED_OBJC_IMPLEMENTATIONS = YES;
				CLANG_WARN_DIRECT_OBJC_ISA_USAGE = YES_ERROR;
				CLANG_WARN_DOCUMENTATION_COMMENTS = YES;
				CLANG_WARN_EMPTY_BODY = YES;
				CLANG_WARN_ENUM_CONVERSION = YES;
				CLANG_WARN_INFINITE_RECURSION = YES;
				CLANG_WARN_INT_CONVERSION = YES;
				CLANG_WARN_NON_LITERAL_NULL_CONVERSION = YES;
				CLANG_WARN_OBJC_IMPLICIT_RETAIN_SELF = YES;
				CLANG_WARN_OBJC_LITERAL_CONVERSION = YES;
				CLANG_WARN_OBJC_ROOT_CLASS = YES_ERROR;
				CLANG_WARN_RANGE_LOOP_ANALYSIS = YES;
				CLANG_WARN_STRICT_PROTOTYPES = YES;
				CLANG_WARN_SUSPICIOUS_MOVE = YES;
				CLANG_WARN_UNGUARDED_AVAILABILITY = YES_AGGRESSIVE;
				CLANG_WARN_UNREACHABLE_CODE = YES;
				CLANG_WARN__DUPLICATE_METHOD_MATCH = YES;
				COPY_PHASE_STRIP = NO;
				DEBUG_INFORMATION_FORMAT = dwarf;
				ENABLE_STRICT_OBJC_MSGSEND = YES;
				ENABLE_TESTABILITY = YES;
				GCC_C_LANGUAGE_STANDARD = gnu11;
				GCC_DYNAMIC_NO_PIC = NO;
				GCC_NO_COMMON_BLOCKS = YES;
				GCC_OPTIMIZATION_LEVEL = 0;
				GCC_PREPROCESSOR_DEFINITIONS = (
					"DEBUG=1",
					"$(inherited)",
				);
				GCC_WARN_64_TO_32_BIT_CONVERSION = YES;
				GCC_WARN_ABOUT_RETURN_TYPE = YES_ERROR;
				GCC_WARN_UNDECLARED_SELECTOR = YES;
				GCC_WARN_UNINITIALIZED_AUTOS = YES_AGGRESSIVE;
				GCC_WARN_UNUSED_FUNCTION = YES;
				GCC_WARN_UNUSED_VARIABLE = YES;
				IPHONEOS_DEPLOYMENT_TARGET = 13.2;
				MTL_ENABLE_DEBUG_INFO = INCLUDE_SOURCE;
				MTL_FAST_MATH = YES;
				ONLY_ACTIVE_ARCH = YES;
				SDKROOT = iphoneos;
				SWIFT_ACTIVE_COMPILATION_CONDITIONS = DEBUG;
				SWIFT_OPTIMIZATION_LEVEL = "-Onone";
			};
			name = Debug;
		};
		23A2A34023D5B5850060E76D /* Release */ = {
			isa = XCBuildConfiguration;
			buildSettings = {
				ALWAYS_SEARCH_USER_PATHS = NO;
				CLANG_ANALYZER_NONNULL = YES;
				CLANG_ANALYZER_NUMBER_OBJECT_CONVERSION = YES_AGGRESSIVE;
				CLANG_CXX_LANGUAGE_STANDARD = "gnu++14";
				CLANG_CXX_LIBRARY = "libc++";
				CLANG_ENABLE_MODULES = YES;
				CLANG_ENABLE_OBJC_ARC = YES;
				CLANG_ENABLE_OBJC_WEAK = YES;
				CLANG_WARN_BLOCK_CAPTURE_AUTORELEASING = YES;
				CLANG_WARN_BOOL_CONVERSION = YES;
				CLANG_WARN_COMMA = YES;
				CLANG_WARN_CONSTANT_CONVERSION = YES;
				CLANG_WARN_DEPRECATED_OBJC_IMPLEMENTATIONS = YES;
				CLANG_WARN_DIRECT_OBJC_ISA_USAGE = YES_ERROR;
				CLANG_WARN_DOCUMENTATION_COMMENTS = YES;
				CLANG_WARN_EMPTY_BODY = YES;
				CLANG_WARN_ENUM_CONVERSION = YES;
				CLANG_WARN_INFINITE_RECURSION = YES;
				CLANG_WARN_INT_CONVERSION = YES;
				CLANG_WARN_NON_LITERAL_NULL_CONVERSION = YES;
				CLANG_WARN_OBJC_IMPLICIT_RETAIN_SELF = YES;
				CLANG_WARN_OBJC_LITERAL_CONVERSION = YES;
				CLANG_WARN_OBJC_ROOT_CLASS = YES_ERROR;
				CLANG_WARN_RANGE_LOOP_ANALYSIS = YES;
				CLANG_WARN_STRICT_PROTOTYPES = YES;
				CLANG_WARN_SUSPICIOUS_MOVE = YES;
				CLANG_WARN_UNGUARDED_AVAILABILITY = YES_AGGRESSIVE;
				CLANG_WARN_UNREACHABLE_CODE = YES;
				CLANG_WARN__DUPLICATE_METHOD_MATCH = YES;
				COPY_PHASE_STRIP = NO;
				DEBUG_INFORMATION_FORMAT = "dwarf-with-dsym";
				ENABLE_NS_ASSERTIONS = NO;
				ENABLE_STRICT_OBJC_MSGSEND = YES;
				GCC_C_LANGUAGE_STANDARD = gnu11;
				GCC_NO_COMMON_BLOCKS = YES;
				GCC_WARN_64_TO_32_BIT_CONVERSION = YES;
				GCC_WARN_ABOUT_RETURN_TYPE = YES_ERROR;
				GCC_WARN_UNDECLARED_SELECTOR = YES;
				GCC_WARN_UNINITIALIZED_AUTOS = YES_AGGRESSIVE;
				GCC_WARN_UNUSED_FUNCTION = YES;
				GCC_WARN_UNUSED_VARIABLE = YES;
				IPHONEOS_DEPLOYMENT_TARGET = 13.2;
				MTL_ENABLE_DEBUG_INFO = NO;
				MTL_FAST_MATH = YES;
				SDKROOT = iphoneos;
				SWIFT_COMPILATION_MODE = wholemodule;
				SWIFT_OPTIMIZATION_LEVEL = "-O";
				VALIDATE_PRODUCT = YES;
			};
			name = Release;
		};
		23A2A34223D5B5850060E76D /* Debug */ = {
			isa = XCBuildConfiguration;
			buildSettings = {
				ASSETCATALOG_COMPILER_APPICON_NAME = AppIcon;
				CLANG_ENABLE_MODULES = YES;
				CODE_SIGN_IDENTITY = "iPhone Developer";
				CODE_SIGN_STYLE = Automatic;
				DEVELOPMENT_TEAM = NN4HS983N7;
				FRAMEWORK_SEARCH_PATHS = (
					"$(inherited)",
					"$(PROJECT_DIR)/Carthage/Build/iOS",
				);
				INFOPLIST_FILE = "VK Tosters/Info.plist";
				LD_RUNPATH_SEARCH_PATHS = (
					"$(inherited)",
					"@executable_path/Frameworks",
				);
				OTHER_LDFLAGS = (
					"-ObjC",
					"-framework",
					"\"PureLayout\"",
				);
				PRODUCT_BUNDLE_IDENTIFIER = "Testing-Builds.VK-Tosters";
				PRODUCT_NAME = "VK Exteded";
				PROVISIONING_PROFILE_SPECIFIER = "";
				SWIFT_OPTIMIZATION_LEVEL = "-Onone";
				SWIFT_VERSION = 5.0;
				TARGETED_DEVICE_FAMILY = "1,2";
			};
			name = Debug;
		};
		23A2A34323D5B5850060E76D /* Release */ = {
			isa = XCBuildConfiguration;
			buildSettings = {
				ASSETCATALOG_COMPILER_APPICON_NAME = AppIcon;
				CLANG_ENABLE_MODULES = YES;
				CODE_SIGN_IDENTITY = "iPhone Developer";
				CODE_SIGN_STYLE = Automatic;
				DEVELOPMENT_TEAM = NN4HS983N7;
				FRAMEWORK_SEARCH_PATHS = (
					"$(inherited)",
					"$(PROJECT_DIR)/Carthage/Build/iOS",
				);
				INFOPLIST_FILE = "VK Tosters/Info.plist";
				LD_RUNPATH_SEARCH_PATHS = (
					"$(inherited)",
					"@executable_path/Frameworks",
				);
				OTHER_LDFLAGS = (
					"-ObjC",
					"-framework",
					"\"PureLayout\"",
				);
				PRODUCT_BUNDLE_IDENTIFIER = "Testing-Builds.VK-Tosters";
				PRODUCT_NAME = "VK Exteded";
				PROVISIONING_PROFILE_SPECIFIER = "";
				SWIFT_VERSION = 5.0;
				TARGETED_DEVICE_FAMILY = "1,2";
			};
			name = Release;
		};
/* End XCBuildConfiguration section */

/* Begin XCConfigurationList section */
		23A2A32823D5B5830060E76D /* Build configuration list for PBXProject "VK Tosters" */ = {
			isa = XCConfigurationList;
			buildConfigurations = (
				23A2A33F23D5B5850060E76D /* Debug */,
				23A2A34023D5B5850060E76D /* Release */,
			);
			defaultConfigurationIsVisible = 0;
			defaultConfigurationName = Release;
		};
		23A2A34123D5B5850060E76D /* Build configuration list for PBXNativeTarget "VK Tosters" */ = {
			isa = XCConfigurationList;
			buildConfigurations = (
				23A2A34223D5B5850060E76D /* Debug */,
				23A2A34323D5B5850060E76D /* Release */,
			);
			defaultConfigurationIsVisible = 0;
			defaultConfigurationName = Release;
		};
/* End XCConfigurationList section */
	};
	rootObject = 23A2A32523D5B5830060E76D /* Project object */;
}
